// !$*UTF8*$!
{
	archiveVersion = 1;
	classes = {
	};
	objectVersion = 52;
	objects = {

/* Begin PBXBuildFile section */
		4B033F3D23A85C2300D9965E /* APODFeedDataInteraction.swift in Sources */ = {isa = PBXBuildFile; fileRef = 4B033F3C23A85C2300D9965E /* APODFeedDataInteraction.swift */; };
		4B1A9AEF22F723F000B88975 /* InternetDetection.swift in Sources */ = {isa = PBXBuildFile; fileRef = 4B1A9AEE22F723F000B88975 /* InternetDetection.swift */; };
		4B20CC672378A32A0057FEB8 /* TextColorSelector.swift in Sources */ = {isa = PBXBuildFile; fileRef = 4B20CC662378A32A0057FEB8 /* TextColorSelector.swift */; };
		4B20CC6A2378A7AD0057FEB8 /* UIColor.swift in Sources */ = {isa = PBXBuildFile; fileRef = 4B20CC692378A7AD0057FEB8 /* UIColor.swift */; };
		4B2F6EC7236F1C3D00F8D890 /* SearchBarMethodsTests.swift in Sources */ = {isa = PBXBuildFile; fileRef = 4B2F6EC6236F1C3D00F8D890 /* SearchBarMethodsTests.swift */; };
		4B384B8A236F327A00C3FD59 /* DropDownAlertVC.swift in Sources */ = {isa = PBXBuildFile; fileRef = 4B384B89236F327A00C3FD59 /* DropDownAlertVC.swift */; };
		4B384B8C236F329200C3FD59 /* DropDownAlert.storyboard in Resources */ = {isa = PBXBuildFile; fileRef = 4B384B8B236F329200C3FD59 /* DropDownAlert.storyboard */; };
		4B384B8F236F32C900C3FD59 /* DropDownAlertManager.swift in Sources */ = {isa = PBXBuildFile; fileRef = 4B384B8E236F32C900C3FD59 /* DropDownAlertManager.swift */; };
		4B384B91236F351A00C3FD59 /* InjectableSubviewManager.swift in Sources */ = {isa = PBXBuildFile; fileRef = 4B384B90236F351A00C3FD59 /* InjectableSubviewManager.swift */; };
		4B3A4FBA238CD37A00ED5779 /* APODEntryComponentDefaultHeights.swift in Sources */ = {isa = PBXBuildFile; fileRef = 4B3A4FB9238CD37A00ED5779 /* APODEntryComponentDefaultHeights.swift */; };
		4B3A4FBC238CD65800ED5779 /* ImageProcessing.swift in Sources */ = {isa = PBXBuildFile; fileRef = 4B3A4FBB238CD65800ED5779 /* ImageProcessing.swift */; };
		4B3A50552394254B00ED5779 /* EntryImageNetworking.swift in Sources */ = {isa = PBXBuildFile; fileRef = 4B3A50542394254B00ED5779 /* EntryImageNetworking.swift */; };
		4B43AC0023A842BD004FC99C /* APODEntryBuilder.swift in Sources */ = {isa = PBXBuildFile; fileRef = 4B43ABFF23A842BD004FC99C /* APODEntryBuilder.swift */; };
		4B47DDAD2343D7FD005F736F /* Keys.swift in Sources */ = {isa = PBXBuildFile; fileRef = 4B47DDAC2343D7FD005F736F /* Keys.swift */; };
		4B6023DE22BBBFFF00732745 /* AstronomicalObjectDataUpload.swift in Sources */ = {isa = PBXBuildFile; fileRef = 4B6023DD22BBBFFF00732745 /* AstronomicalObjectDataUpload.swift */; };
		4B6023E022BE76F200732745 /* UserDefaultsMethods.swift in Sources */ = {isa = PBXBuildFile; fileRef = 4B6023DF22BE76F200732745 /* UserDefaultsMethods.swift */; };
		4B6023E422BE7CB900732745 /* Navigation.swift in Sources */ = {isa = PBXBuildFile; fileRef = 4B6023E322BE7CB900732745 /* Navigation.swift */; };
		4B98E8A022BEC9D90025B8F2 /* SearchBarMethods.swift in Sources */ = {isa = PBXBuildFile; fileRef = 4B98E89F22BEC9D90025B8F2 /* SearchBarMethods.swift */; };
		4B98E8A422C2B63E0025B8F2 /* EntryCellConstraints.swift in Sources */ = {isa = PBXBuildFile; fileRef = 4B98E8A322C2B63E0025B8F2 /* EntryCellConstraints.swift */; };
		4BA44E6522B92A6A009756AA /* AstroUITests.swift in Sources */ = {isa = PBXBuildFile; fileRef = 4BA44E6422B92A6A009756AA /* AstroUITests.swift */; };
		4BA44E7322B92A93009756AA /* FormatterMethodsTests.swift in Sources */ = {isa = PBXBuildFile; fileRef = 4BA44E7222B92A93009756AA /* FormatterMethodsTests.swift */; };
		4BB687AF226519E600D423F9 /* RelativeWeightInputVC.swift in Sources */ = {isa = PBXBuildFile; fileRef = 4BB687AE226519E600D423F9 /* RelativeWeightInputVC.swift */; };
		4BB687B922664C6A00D423F9 /* AstroObjTempTVC.swift in Sources */ = {isa = PBXBuildFile; fileRef = 4BB687B822664C6A00D423F9 /* AstroObjTempTVC.swift */; };
		4BB687BC22664D1F00D423F9 /* AstroObjTempCell.swift in Sources */ = {isa = PBXBuildFile; fileRef = 4BB687BA22664D1F00D423F9 /* AstroObjTempCell.swift */; };
		4BB687BD22664D1F00D423F9 /* AstroObjTempCell.xib in Resources */ = {isa = PBXBuildFile; fileRef = 4BB687BB22664D1F00D423F9 /* AstroObjTempCell.xib */; };
		4BB687BF2266538000D423F9 /* AstroObjTempDisplayVC.swift in Sources */ = {isa = PBXBuildFile; fileRef = 4BB687BE2266538000D423F9 /* AstroObjTempDisplayVC.swift */; };
		4BBB94F82284CE9100944506 /* MainTabController.swift in Sources */ = {isa = PBXBuildFile; fileRef = 4BBB94F72284CE9100944506 /* MainTabController.swift */; };
		4BC55CAA225D330B0079A3E5 /* AppDelegate.swift in Sources */ = {isa = PBXBuildFile; fileRef = 4BC55CA9225D330B0079A3E5 /* AppDelegate.swift */; };
		4BC55CAF225D330B0079A3E5 /* Main.storyboard in Resources */ = {isa = PBXBuildFile; fileRef = 4BC55CAD225D330B0079A3E5 /* Main.storyboard */; };
		4BC55CB4225D330D0079A3E5 /* Assets.xcassets in Resources */ = {isa = PBXBuildFile; fileRef = 4BC55CB3225D330D0079A3E5 /* Assets.xcassets */; };
		4BC55CB7225D330D0079A3E5 /* LaunchScreen.storyboard in Resources */ = {isa = PBXBuildFile; fileRef = 4BC55CB5225D330D0079A3E5 /* LaunchScreen.storyboard */; };
		4BC55CC5225D35450079A3E5 /* WeightDisplayTVC.swift in Sources */ = {isa = PBXBuildFile; fileRef = 4BC55CC4225D35450079A3E5 /* WeightDisplayTVC.swift */; };
		4BC55CCA225E59A90079A3E5 /* RelativeWeightCell.swift in Sources */ = {isa = PBXBuildFile; fileRef = 4BC55CC8225E59A90079A3E5 /* RelativeWeightCell.swift */; };
		4BC55CCB225E59A90079A3E5 /* RelativeWeightCell.xib in Resources */ = {isa = PBXBuildFile; fileRef = 4BC55CC9225E59A90079A3E5 /* RelativeWeightCell.xib */; };
		4BC55CF5225FB0210079A3E5 /* AstronomicalObjectData.plist in Resources */ = {isa = PBXBuildFile; fileRef = 4BC55CF4225FB0210079A3E5 /* AstronomicalObjectData.plist */; };
		4BCA1CE822B69EA100118A1E /* LoadingAnimation.swift in Sources */ = {isa = PBXBuildFile; fileRef = 4BCA1CE722B69EA100118A1E /* LoadingAnimation.swift */; };
		4BCA1CEA22B6AA0900118A1E /* EntryNetworking.swift in Sources */ = {isa = PBXBuildFile; fileRef = 4BCA1CE922B6AA0900118A1E /* EntryNetworking.swift */; };
		4BCA1CEC22B6B6AB00118A1E /* KeyboardMethods.swift in Sources */ = {isa = PBXBuildFile; fileRef = 4BCA1CEB22B6B6AB00118A1E /* KeyboardMethods.swift */; };
		4BCA1CEE22B6BD9D00118A1E /* FormatterMethods.swift in Sources */ = {isa = PBXBuildFile; fileRef = 4BCA1CED22B6BD9D00118A1E /* FormatterMethods.swift */; };
		4BCDFBAE22FC7740003E39E8 /* APODFeedVC.swift in Sources */ = {isa = PBXBuildFile; fileRef = 4BCDFBAD22FC7740003E39E8 /* APODFeedVC.swift */; };
		4BCDFC0C22FF18F4003E39E8 /* BootStrapColors.swift in Sources */ = {isa = PBXBuildFile; fileRef = 4BCDFC0B22FF18F4003E39E8 /* BootStrapColors.swift */; };
		4BD2BEEB23A69692005040D4 /* FeedManager.swift in Sources */ = {isa = PBXBuildFile; fileRef = 4BD2BEEA23A69692005040D4 /* FeedManager.swift */; };
		4BD39AFC2381D7DF00B70DC3 /* ApplicationModels.swift in Sources */ = {isa = PBXBuildFile; fileRef = 4BD39AFB2381D7DF00B70DC3 /* ApplicationModels.swift */; };
		4BD39B012381F11E00B70DC3 /* Realm.framework in Frameworks */ = {isa = PBXBuildFile; fileRef = 4BB2EB2E2316B2A700D16A2A /* Realm.framework */; };
		4BD39B022381F11E00B70DC3 /* RealmSwift.framework in Frameworks */ = {isa = PBXBuildFile; fileRef = 4BB2EB2C2316B2A700D16A2A /* RealmSwift.framework */; };
		4BD39B042381F37D00B70DC3 /* Realm.framework in CopyFiles */ = {isa = PBXBuildFile; fileRef = 4BB2EB2E2316B2A700D16A2A /* Realm.framework */; settings = {ATTRIBUTES = (CodeSignOnCopy, RemoveHeadersOnCopy, ); }; };
		4BD39B052381F37D00B70DC3 /* RealmSwift.framework in CopyFiles */ = {isa = PBXBuildFile; fileRef = 4BB2EB2C2316B2A700D16A2A /* RealmSwift.framework */; settings = {ATTRIBUTES = (CodeSignOnCopy, RemoveHeadersOnCopy, ); }; };
		4BD39B072381F56200B70DC3 /* DecoderMethods.swift in Sources */ = {isa = PBXBuildFile; fileRef = 4BD39B062381F56200B70DC3 /* DecoderMethods.swift */; };
		4BD39B0A2381FC1600B70DC3 /* NetworkManager.swift in Sources */ = {isa = PBXBuildFile; fileRef = 4BD39B092381FC1600B70DC3 /* NetworkManager.swift */; };
		4BE14DCB2311AA27000FA4E8 /* ExpandExplanationManager.swift in Sources */ = {isa = PBXBuildFile; fileRef = 4BE14DCA2311AA27000FA4E8 /* ExpandExplanationManager.swift */; };
		4BE14DCD2311B118000FA4E8 /* EntryCellConstructor.swift in Sources */ = {isa = PBXBuildFile; fileRef = 4BE14DCC2311B118000FA4E8 /* EntryCellConstructor.swift */; };
		4BE51AD722E34EB4002905ED /* APODEntryCell.swift in Sources */ = {isa = PBXBuildFile; fileRef = 4BE51AD522E34EB4002905ED /* APODEntryCell.swift */; };
		4BEC2F772381B80400395CA4 /* InjectableSubviewManagerTests.swift in Sources */ = {isa = PBXBuildFile; fileRef = 4BEC2F762381B80400395CA4 /* InjectableSubviewManagerTests.swift */; };
		4BEE114B238ADD9C00379D6E /* RealmPath.swift in Sources */ = {isa = PBXBuildFile; fileRef = 4BEE114A238ADD9C00379D6E /* RealmPath.swift */; };
		4BEE114D238ADDDF00379D6E /* APODEntryInteraction.swift in Sources */ = {isa = PBXBuildFile; fileRef = 4BEE114C238ADDDF00379D6E /* APODEntryInteraction.swift */; };
		4BEE1150238AE20400379D6E /* NetworkingModels.swift in Sources */ = {isa = PBXBuildFile; fileRef = 4BEE114F238AE20400379D6E /* NetworkingModels.swift */; };
		4BEE1152238AE43300379D6E /* AstronomicalObjectsInteraction.swift in Sources */ = {isa = PBXBuildFile; fileRef = 4BEE1151238AE43300379D6E /* AstronomicalObjectsInteraction.swift */; };
/* End PBXBuildFile section */

/* Begin PBXContainerItemProxy section */
		4BA44E6722B92A6A009756AA /* PBXContainerItemProxy */ = {
			isa = PBXContainerItemProxy;
			containerPortal = 4BC55C9E225D330B0079A3E5 /* Project object */;
			proxyType = 1;
			remoteGlobalIDString = 4BC55CA5225D330B0079A3E5;
			remoteInfo = Astro;
		};
		4BA44E7522B92A93009756AA /* PBXContainerItemProxy */ = {
			isa = PBXContainerItemProxy;
			containerPortal = 4BC55C9E225D330B0079A3E5 /* Project object */;
			proxyType = 1;
			remoteGlobalIDString = 4BC55CA5225D330B0079A3E5;
			remoteInfo = Astro;
		};
/* End PBXContainerItemProxy section */

/* Begin PBXCopyFilesBuildPhase section */
		4BD39B032381F32900B70DC3 /* CopyFiles */ = {
			isa = PBXCopyFilesBuildPhase;
			buildActionMask = 2147483647;
			dstPath = "";
			dstSubfolderSpec = 10;
			files = (
				4BD39B042381F37D00B70DC3 /* Realm.framework in CopyFiles */,
				4BD39B052381F37D00B70DC3 /* RealmSwift.framework in CopyFiles */,
			);
			runOnlyForDeploymentPostprocessing = 0;
		};
/* End PBXCopyFilesBuildPhase section */

/* Begin PBXFileReference section */
		4B033F3C23A85C2300D9965E /* APODFeedDataInteraction.swift */ = {isa = PBXFileReference; lastKnownFileType = sourcecode.swift; path = APODFeedDataInteraction.swift; sourceTree = "<group>"; };
		4B1A9AEE22F723F000B88975 /* InternetDetection.swift */ = {isa = PBXFileReference; lastKnownFileType = sourcecode.swift; path = InternetDetection.swift; sourceTree = "<group>"; };
		4B20CC662378A32A0057FEB8 /* TextColorSelector.swift */ = {isa = PBXFileReference; lastKnownFileType = sourcecode.swift; path = TextColorSelector.swift; sourceTree = "<group>"; };
		4B20CC692378A7AD0057FEB8 /* UIColor.swift */ = {isa = PBXFileReference; lastKnownFileType = sourcecode.swift; path = UIColor.swift; sourceTree = "<group>"; };
		4B2F6EC6236F1C3D00F8D890 /* SearchBarMethodsTests.swift */ = {isa = PBXFileReference; lastKnownFileType = sourcecode.swift; path = SearchBarMethodsTests.swift; sourceTree = "<group>"; };
		4B384B89236F327A00C3FD59 /* DropDownAlertVC.swift */ = {isa = PBXFileReference; lastKnownFileType = sourcecode.swift; path = DropDownAlertVC.swift; sourceTree = "<group>"; };
		4B384B8B236F329200C3FD59 /* DropDownAlert.storyboard */ = {isa = PBXFileReference; lastKnownFileType = file.storyboard; path = DropDownAlert.storyboard; sourceTree = "<group>"; };
		4B384B8E236F32C900C3FD59 /* DropDownAlertManager.swift */ = {isa = PBXFileReference; lastKnownFileType = sourcecode.swift; path = DropDownAlertManager.swift; sourceTree = "<group>"; };
		4B384B90236F351A00C3FD59 /* InjectableSubviewManager.swift */ = {isa = PBXFileReference; lastKnownFileType = sourcecode.swift; path = InjectableSubviewManager.swift; sourceTree = "<group>"; };
		4B3A4FB9238CD37A00ED5779 /* APODEntryComponentDefaultHeights.swift */ = {isa = PBXFileReference; lastKnownFileType = sourcecode.swift; path = APODEntryComponentDefaultHeights.swift; sourceTree = "<group>"; };
		4B3A4FBB238CD65800ED5779 /* ImageProcessing.swift */ = {isa = PBXFileReference; lastKnownFileType = sourcecode.swift; path = ImageProcessing.swift; sourceTree = "<group>"; };
		4B3A50542394254B00ED5779 /* EntryImageNetworking.swift */ = {isa = PBXFileReference; lastKnownFileType = sourcecode.swift; path = EntryImageNetworking.swift; sourceTree = "<group>"; };
		4B43ABFF23A842BD004FC99C /* APODEntryBuilder.swift */ = {isa = PBXFileReference; lastKnownFileType = sourcecode.swift; path = APODEntryBuilder.swift; sourceTree = "<group>"; };
		4B47DDAC2343D7FD005F736F /* Keys.swift */ = {isa = PBXFileReference; lastKnownFileType = sourcecode.swift; path = Keys.swift; sourceTree = "<group>"; };
		4B6023DD22BBBFFF00732745 /* AstronomicalObjectDataUpload.swift */ = {isa = PBXFileReference; lastKnownFileType = sourcecode.swift; path = AstronomicalObjectDataUpload.swift; sourceTree = "<group>"; };
		4B6023DF22BE76F200732745 /* UserDefaultsMethods.swift */ = {isa = PBXFileReference; lastKnownFileType = sourcecode.swift; path = UserDefaultsMethods.swift; sourceTree = "<group>"; };
		4B6023E322BE7CB900732745 /* Navigation.swift */ = {isa = PBXFileReference; lastKnownFileType = sourcecode.swift; path = Navigation.swift; sourceTree = "<group>"; };
		4B98E89F22BEC9D90025B8F2 /* SearchBarMethods.swift */ = {isa = PBXFileReference; lastKnownFileType = sourcecode.swift; path = SearchBarMethods.swift; sourceTree = "<group>"; };
		4B98E8A322C2B63E0025B8F2 /* EntryCellConstraints.swift */ = {isa = PBXFileReference; lastKnownFileType = sourcecode.swift; path = EntryCellConstraints.swift; sourceTree = "<group>"; };
		4BA44E6222B92A6A009756AA /* AstroUITests.xctest */ = {isa = PBXFileReference; explicitFileType = wrapper.cfbundle; includeInIndex = 0; path = AstroUITests.xctest; sourceTree = BUILT_PRODUCTS_DIR; };
		4BA44E6422B92A6A009756AA /* AstroUITests.swift */ = {isa = PBXFileReference; lastKnownFileType = sourcecode.swift; path = AstroUITests.swift; sourceTree = "<group>"; };
		4BA44E6622B92A6A009756AA /* Info.plist */ = {isa = PBXFileReference; lastKnownFileType = text.plist.xml; path = Info.plist; sourceTree = "<group>"; };
		4BA44E7022B92A93009756AA /* AstroTests.xctest */ = {isa = PBXFileReference; explicitFileType = wrapper.cfbundle; includeInIndex = 0; path = AstroTests.xctest; sourceTree = BUILT_PRODUCTS_DIR; };
		4BA44E7222B92A93009756AA /* FormatterMethodsTests.swift */ = {isa = PBXFileReference; lastKnownFileType = sourcecode.swift; path = FormatterMethodsTests.swift; sourceTree = "<group>"; };
		4BA44E7422B92A93009756AA /* Info.plist */ = {isa = PBXFileReference; lastKnownFileType = text.plist.xml; path = Info.plist; sourceTree = "<group>"; };
		4BB2EB2C2316B2A700D16A2A /* RealmSwift.framework */ = {isa = PBXFileReference; lastKnownFileType = wrapper.framework; name = RealmSwift.framework; path = Carthage/Build/iOS/RealmSwift.framework; sourceTree = "<group>"; };
		4BB2EB2E2316B2A700D16A2A /* Realm.framework */ = {isa = PBXFileReference; lastKnownFileType = wrapper.framework; name = Realm.framework; path = Carthage/Build/iOS/Realm.framework; sourceTree = "<group>"; };
		4BB687AE226519E600D423F9 /* RelativeWeightInputVC.swift */ = {isa = PBXFileReference; lastKnownFileType = sourcecode.swift; path = RelativeWeightInputVC.swift; sourceTree = "<group>"; };
		4BB687B822664C6A00D423F9 /* AstroObjTempTVC.swift */ = {isa = PBXFileReference; lastKnownFileType = sourcecode.swift; path = AstroObjTempTVC.swift; sourceTree = "<group>"; };
		4BB687BA22664D1F00D423F9 /* AstroObjTempCell.swift */ = {isa = PBXFileReference; lastKnownFileType = sourcecode.swift; path = AstroObjTempCell.swift; sourceTree = "<group>"; };
		4BB687BB22664D1F00D423F9 /* AstroObjTempCell.xib */ = {isa = PBXFileReference; lastKnownFileType = file.xib; path = AstroObjTempCell.xib; sourceTree = "<group>"; };
		4BB687BE2266538000D423F9 /* AstroObjTempDisplayVC.swift */ = {isa = PBXFileReference; lastKnownFileType = sourcecode.swift; path = AstroObjTempDisplayVC.swift; sourceTree = "<group>"; };
		4BBB94F72284CE9100944506 /* MainTabController.swift */ = {isa = PBXFileReference; lastKnownFileType = sourcecode.swift; path = MainTabController.swift; sourceTree = "<group>"; };
		4BC55CA6225D330B0079A3E5 /* Astro.app */ = {isa = PBXFileReference; explicitFileType = wrapper.application; includeInIndex = 0; path = Astro.app; sourceTree = BUILT_PRODUCTS_DIR; };
		4BC55CA9225D330B0079A3E5 /* AppDelegate.swift */ = {isa = PBXFileReference; lastKnownFileType = sourcecode.swift; path = AppDelegate.swift; sourceTree = "<group>"; };
		4BC55CAE225D330B0079A3E5 /* Base */ = {isa = PBXFileReference; lastKnownFileType = file.storyboard; name = Base; path = Base.lproj/Main.storyboard; sourceTree = "<group>"; };
		4BC55CB3225D330D0079A3E5 /* Assets.xcassets */ = {isa = PBXFileReference; lastKnownFileType = folder.assetcatalog; path = Assets.xcassets; sourceTree = "<group>"; };
		4BC55CB6225D330D0079A3E5 /* Base */ = {isa = PBXFileReference; lastKnownFileType = file.storyboard; name = Base; path = Base.lproj/LaunchScreen.storyboard; sourceTree = "<group>"; };
		4BC55CB8225D330D0079A3E5 /* Info.plist */ = {isa = PBXFileReference; lastKnownFileType = text.plist.xml; path = Info.plist; sourceTree = "<group>"; };
		4BC55CC4225D35450079A3E5 /* WeightDisplayTVC.swift */ = {isa = PBXFileReference; lastKnownFileType = sourcecode.swift; path = WeightDisplayTVC.swift; sourceTree = "<group>"; };
		4BC55CC8225E59A90079A3E5 /* RelativeWeightCell.swift */ = {isa = PBXFileReference; lastKnownFileType = sourcecode.swift; path = RelativeWeightCell.swift; sourceTree = "<group>"; };
		4BC55CC9225E59A90079A3E5 /* RelativeWeightCell.xib */ = {isa = PBXFileReference; lastKnownFileType = file.xib; path = RelativeWeightCell.xib; sourceTree = "<group>"; };
		4BC55CF4225FB0210079A3E5 /* AstronomicalObjectData.plist */ = {isa = PBXFileReference; lastKnownFileType = text.plist.xml; path = AstronomicalObjectData.plist; sourceTree = "<group>"; };
		4BCA1CE722B69EA100118A1E /* LoadingAnimation.swift */ = {isa = PBXFileReference; lastKnownFileType = sourcecode.swift; path = LoadingAnimation.swift; sourceTree = "<group>"; };
		4BCA1CE922B6AA0900118A1E /* EntryNetworking.swift */ = {isa = PBXFileReference; lastKnownFileType = sourcecode.swift; path = EntryNetworking.swift; sourceTree = "<group>"; };
		4BCA1CEB22B6B6AB00118A1E /* KeyboardMethods.swift */ = {isa = PBXFileReference; lastKnownFileType = sourcecode.swift; path = KeyboardMethods.swift; sourceTree = "<group>"; };
		4BCA1CED22B6BD9D00118A1E /* FormatterMethods.swift */ = {isa = PBXFileReference; lastKnownFileType = sourcecode.swift; path = FormatterMethods.swift; sourceTree = "<group>"; };
		4BCDFBAD22FC7740003E39E8 /* APODFeedVC.swift */ = {isa = PBXFileReference; lastKnownFileType = sourcecode.swift; path = APODFeedVC.swift; sourceTree = "<group>"; };
		4BCDFC0B22FF18F4003E39E8 /* BootStrapColors.swift */ = {isa = PBXFileReference; lastKnownFileType = sourcecode.swift; path = BootStrapColors.swift; sourceTree = "<group>"; };
		4BD2BEEA23A69692005040D4 /* FeedManager.swift */ = {isa = PBXFileReference; lastKnownFileType = sourcecode.swift; path = FeedManager.swift; sourceTree = "<group>"; };
		4BD39AFB2381D7DF00B70DC3 /* ApplicationModels.swift */ = {isa = PBXFileReference; lastKnownFileType = sourcecode.swift; path = ApplicationModels.swift; sourceTree = "<group>"; };
		4BD39B062381F56200B70DC3 /* DecoderMethods.swift */ = {isa = PBXFileReference; lastKnownFileType = sourcecode.swift; path = DecoderMethods.swift; sourceTree = "<group>"; };
		4BD39B092381FC1600B70DC3 /* NetworkManager.swift */ = {isa = PBXFileReference; lastKnownFileType = sourcecode.swift; path = NetworkManager.swift; sourceTree = "<group>"; };
		4BE14DCA2311AA27000FA4E8 /* ExpandExplanationManager.swift */ = {isa = PBXFileReference; lastKnownFileType = sourcecode.swift; path = ExpandExplanationManager.swift; sourceTree = "<group>"; };
		4BE14DCC2311B118000FA4E8 /* EntryCellConstructor.swift */ = {isa = PBXFileReference; lastKnownFileType = sourcecode.swift; path = EntryCellConstructor.swift; sourceTree = "<group>"; };
		4BE51AD522E34EB4002905ED /* APODEntryCell.swift */ = {isa = PBXFileReference; lastKnownFileType = sourcecode.swift; path = APODEntryCell.swift; sourceTree = "<group>"; };
		4BEC2F762381B80400395CA4 /* InjectableSubviewManagerTests.swift */ = {isa = PBXFileReference; lastKnownFileType = sourcecode.swift; path = InjectableSubviewManagerTests.swift; sourceTree = "<group>"; };
		4BEE114A238ADD9C00379D6E /* RealmPath.swift */ = {isa = PBXFileReference; lastKnownFileType = sourcecode.swift; path = RealmPath.swift; sourceTree = "<group>"; };
		4BEE114C238ADDDF00379D6E /* APODEntryInteraction.swift */ = {isa = PBXFileReference; lastKnownFileType = sourcecode.swift; path = APODEntryInteraction.swift; sourceTree = "<group>"; };
		4BEE114F238AE20400379D6E /* NetworkingModels.swift */ = {isa = PBXFileReference; lastKnownFileType = sourcecode.swift; path = NetworkingModels.swift; sourceTree = "<group>"; };
		4BEE1151238AE43300379D6E /* AstronomicalObjectsInteraction.swift */ = {isa = PBXFileReference; lastKnownFileType = sourcecode.swift; path = AstronomicalObjectsInteraction.swift; sourceTree = "<group>"; };
/* End PBXFileReference section */

/* Begin PBXFrameworksBuildPhase section */
		4BA44E5F22B92A6A009756AA /* Frameworks */ = {
			isa = PBXFrameworksBuildPhase;
			buildActionMask = 2147483647;
			files = (
			);
			runOnlyForDeploymentPostprocessing = 0;
		};
		4BA44E6D22B92A93009756AA /* Frameworks */ = {
			isa = PBXFrameworksBuildPhase;
			buildActionMask = 2147483647;
			files = (
			);
			runOnlyForDeploymentPostprocessing = 0;
		};
		4BC55CA3225D330B0079A3E5 /* Frameworks */ = {
			isa = PBXFrameworksBuildPhase;
			buildActionMask = 2147483647;
			files = (
				4BD39B012381F11E00B70DC3 /* Realm.framework in Frameworks */,
				4BD39B022381F11E00B70DC3 /* RealmSwift.framework in Frameworks */,
			);
			runOnlyForDeploymentPostprocessing = 0;
		};
/* End PBXFrameworksBuildPhase section */

/* Begin PBXGroup section */
		4B20CC682378A7940057FEB8 /* NativeClassExtensions */ = {
			isa = PBXGroup;
			children = (
				4B20CC692378A7AD0057FEB8 /* UIColor.swift */,
			);
			path = NativeClassExtensions;
			sourceTree = "<group>";
		};
		4B20CC6B2378ABFF0057FEB8 /* InjectableSubviews */ = {
			isa = PBXGroup;
			children = (
				4B384B90236F351A00C3FD59 /* InjectableSubviewManager.swift */,
				4B384B8D236F329E00C3FD59 /* DropDownAlert */,
			);
			path = InjectableSubviews;
			sourceTree = "<group>";
		};
		4B2C414223A6DFA800B1CE7C /* APODEntryCell */ = {
			isa = PBXGroup;
			children = (
				4BE51AD522E34EB4002905ED /* APODEntryCell.swift */,
				4BE14DCA2311AA27000FA4E8 /* ExpandExplanationManager.swift */,
				4B3A4FB6238CD0E800ED5779 /* EntryCellLayout */,
			);
			path = APODEntryCell;
			sourceTree = "<group>";
		};
		4B384B88236F321F00C3FD59 /* Subviews */ = {
			isa = PBXGroup;
			children = (
				4B20CC6B2378ABFF0057FEB8 /* InjectableSubviews */,
			);
			path = Subviews;
			sourceTree = "<group>";
		};
		4B384B8D236F329E00C3FD59 /* DropDownAlert */ = {
			isa = PBXGroup;
			children = (
				4B384B8E236F32C900C3FD59 /* DropDownAlertManager.swift */,
				4B384B89236F327A00C3FD59 /* DropDownAlertVC.swift */,
				4B384B8B236F329200C3FD59 /* DropDownAlert.storyboard */,
			);
			path = DropDownAlert;
			sourceTree = "<group>";
		};
		4B3A4FB6238CD0E800ED5779 /* EntryCellLayout */ = {
			isa = PBXGroup;
			children = (
				4BE14DCC2311B118000FA4E8 /* EntryCellConstructor.swift */,
				4B98E8A322C2B63E0025B8F2 /* EntryCellConstraints.swift */,
				4B3A4FB9238CD37A00ED5779 /* APODEntryComponentDefaultHeights.swift */,
			);
			path = EntryCellLayout;
			sourceTree = "<group>";
		};
		4B47DDA72343D10E005F736F /* Astro Obj Temp Table View */ = {
			isa = PBXGroup;
			children = (
				4BB687B822664C6A00D423F9 /* AstroObjTempTVC.swift */,
				4B47DDA82343D1C7005F736F /* Cell */,
			);
			path = "Astro Obj Temp Table View";
			sourceTree = "<group>";
		};
		4B47DDA82343D1C7005F736F /* Cell */ = {
			isa = PBXGroup;
			children = (
				4BB687BA22664D1F00D423F9 /* AstroObjTempCell.swift */,
				4BB687BB22664D1F00D423F9 /* AstroObjTempCell.xib */,
			);
			path = Cell;
			sourceTree = "<group>";
		};
		4B47DDA92343D23A005F736F /* Relative Weight Table View */ = {
			isa = PBXGroup;
			children = (
				4BC55CC4225D35450079A3E5 /* WeightDisplayTVC.swift */,
				4B47DDAA2343D294005F736F /* Cell */,
			);
			path = "Relative Weight Table View";
			sourceTree = "<group>";
		};
		4B47DDAA2343D294005F736F /* Cell */ = {
			isa = PBXGroup;
			children = (
				4BC55CC8225E59A90079A3E5 /* RelativeWeightCell.swift */,
				4BC55CC9225E59A90079A3E5 /* RelativeWeightCell.xib */,
			);
			path = Cell;
			sourceTree = "<group>";
		};
		4B6023DC22BBBEE300732745 /* Bin - needs home */ = {
			isa = PBXGroup;
			children = (
				4BD39B062381F56200B70DC3 /* DecoderMethods.swift */,
				4BCDFC0B22FF18F4003E39E8 /* BootStrapColors.swift */,
				4B20CC662378A32A0057FEB8 /* TextColorSelector.swift */,
				4BCA1CED22B6BD9D00118A1E /* FormatterMethods.swift */,
				4BCA1CE722B69EA100118A1E /* LoadingAnimation.swift */,
				4BCA1CEB22B6B6AB00118A1E /* KeyboardMethods.swift */,
				4B6023E322BE7CB900732745 /* Navigation.swift */,
				4B98E89F22BEC9D90025B8F2 /* SearchBarMethods.swift */,
				4B1A9AEE22F723F000B88975 /* InternetDetection.swift */,
				4B3A4FBB238CD65800ED5779 /* ImageProcessing.swift */,
			);
			path = "Bin - needs home";
			sourceTree = "<group>";
		};
		4B7577F4238202FD00A05151 /* AstonomicalObjectDataUpload */ = {
			isa = PBXGroup;
			children = (
				4B6023DD22BBBFFF00732745 /* AstronomicalObjectDataUpload.swift */,
				4BC55CF4225FB0210079A3E5 /* AstronomicalObjectData.plist */,
			);
			path = AstonomicalObjectDataUpload;
			sourceTree = "<group>";
		};
		4BA44E6322B92A6A009756AA /* AstroUITests */ = {
			isa = PBXGroup;
			children = (
				4BA44E6422B92A6A009756AA /* AstroUITests.swift */,
				4BA44E6622B92A6A009756AA /* Info.plist */,
			);
			path = AstroUITests;
			sourceTree = "<group>";
		};
		4BA44E7122B92A93009756AA /* AstroTests */ = {
			isa = PBXGroup;
			children = (
				4BEC2F742381B7D300395CA4 /* Subviews */,
				4BA44E7222B92A93009756AA /* FormatterMethodsTests.swift */,
				4B2F6EC6236F1C3D00F8D890 /* SearchBarMethodsTests.swift */,
				4BA44E7422B92A93009756AA /* Info.plist */,
			);
			path = AstroTests;
			sourceTree = "<group>";
		};
		4BC55C9D225D330B0079A3E5 = {
			isa = PBXGroup;
			children = (
				4BC55CA8225D330B0079A3E5 /* Astro */,
				4BA44E7122B92A93009756AA /* AstroTests */,
				4BA44E6322B92A6A009756AA /* AstroUITests */,
				4BC55CA7225D330B0079A3E5 /* Products */,
				9326997725848E964D5B9BEE /* Frameworks */,
			);
			sourceTree = "<group>";
			usesTabs = 0;
		};
		4BC55CA7225D330B0079A3E5 /* Products */ = {
			isa = PBXGroup;
			children = (
				4BC55CA6225D330B0079A3E5 /* Astro.app */,
				4BA44E6222B92A6A009756AA /* AstroUITests.xctest */,
				4BA44E7022B92A93009756AA /* AstroTests.xctest */,
			);
			name = Products;
			sourceTree = "<group>";
		};
		4BC55CA8225D330B0079A3E5 /* Astro */ = {
			isa = PBXGroup;
			children = (
				4BC55CA9225D330B0079A3E5 /* AppDelegate.swift */,
				4B20CC682378A7940057FEB8 /* NativeClassExtensions */,
				4B6023DC22BBBEE300732745 /* Bin - needs home */,
				4B384B88236F321F00C3FD59 /* Subviews */,
				4BC55CC2225D337B0079A3E5 /* Controllers */,
				4BC55CBE225D33430079A3E5 /* Views */,
				4BC55CC3225D337D0079A3E5 /* Models */,
				4BC55CC0225D336E0079A3E5 /* Supporting Files */,
				4BC55CB3225D330D0079A3E5 /* Assets.xcassets */,
				4BC55CB5225D330D0079A3E5 /* LaunchScreen.storyboard */,
			);
			path = Astro;
			sourceTree = "<group>";
		};
		4BC55CBE225D33430079A3E5 /* Views */ = {
			isa = PBXGroup;
			children = (
				4BC55CAD225D330B0079A3E5 /* Main.storyboard */,
			);
			path = Views;
			sourceTree = "<group>";
		};
		4BC55CC0225D336E0079A3E5 /* Supporting Files */ = {
			isa = PBXGroup;
			children = (
				4B47DDAC2343D7FD005F736F /* Keys.swift */,
				4BC55CB8225D330D0079A3E5 /* Info.plist */,
			);
			path = "Supporting Files";
			sourceTree = "<group>";
		};
		4BC55CC2225D337B0079A3E5 /* Controllers */ = {
			isa = PBXGroup;
			children = (
				4BBB94F72284CE9100944506 /* MainTabController.swift */,
				4BE14DC82311A696000FA4E8 /* APODFeed */,
				4BE51ADD22E67E6A002905ED /* Astronomic Object Tempurature */,
				4BE51ADE22E67E80002905ED /* Relative Weight */,
			);
			path = Controllers;
			sourceTree = "<group>";
		};
		4BC55CC3225D337D0079A3E5 /* Models */ = {
			isa = PBXGroup;
			children = (
				4B6023DF22BE76F200732745 /* UserDefaultsMethods.swift */,
				4BD39AFB2381D7DF00B70DC3 /* ApplicationModels.swift */,
				4B43ABFF23A842BD004FC99C /* APODEntryBuilder.swift */,
				4BEE1149238ADD5B00379D6E /* Realm */,
				4B7577F4238202FD00A05151 /* AstonomicalObjectDataUpload */,
				4BD39B082381FB9000B70DC3 /* Networking */,
				4BEE114F238AE20400379D6E /* NetworkingModels.swift */,
			);
			path = Models;
			sourceTree = "<group>";
		};
		4BD39B082381FB9000B70DC3 /* Networking */ = {
			isa = PBXGroup;
			children = (
				4BD39B092381FC1600B70DC3 /* NetworkManager.swift */,
				4BEE114E238AE1E600379D6E /* APODEntries */,
			);
			path = Networking;
			sourceTree = "<group>";
		};
		4BE14DC82311A696000FA4E8 /* APODFeed */ = {
			isa = PBXGroup;
			children = (
				4BCDFBAD22FC7740003E39E8 /* APODFeedVC.swift */,
				4BD2BEEA23A69692005040D4 /* FeedManager.swift */,
				4BE14DC92311A8F4000FA4E8 /* Cells */,
			);
			path = APODFeed;
			sourceTree = "<group>";
		};
		4BE14DC92311A8F4000FA4E8 /* Cells */ = {
			isa = PBXGroup;
			children = (
				4B2C414223A6DFA800B1CE7C /* APODEntryCell */,
			);
			path = Cells;
			sourceTree = "<group>";
		};
		4BE51ADD22E67E6A002905ED /* Astronomic Object Tempurature */ = {
			isa = PBXGroup;
			children = (
				4B47DDA72343D10E005F736F /* Astro Obj Temp Table View */,
				4BB687BE2266538000D423F9 /* AstroObjTempDisplayVC.swift */,
			);
			path = "Astronomic Object Tempurature";
			sourceTree = "<group>";
		};
		4BE51ADE22E67E80002905ED /* Relative Weight */ = {
			isa = PBXGroup;
			children = (
				4BB687AE226519E600D423F9 /* RelativeWeightInputVC.swift */,
				4B47DDA92343D23A005F736F /* Relative Weight Table View */,
			);
			path = "Relative Weight";
			sourceTree = "<group>";
		};
		4BEC2F742381B7D300395CA4 /* Subviews */ = {
			isa = PBXGroup;
			children = (
				4BEC2F752381B7E600395CA4 /* InjectableSubviewa */,
			);
			path = Subviews;
			sourceTree = "<group>";
		};
		4BEC2F752381B7E600395CA4 /* InjectableSubviewa */ = {
			isa = PBXGroup;
			children = (
				4BEC2F762381B80400395CA4 /* InjectableSubviewManagerTests.swift */,
			);
			path = InjectableSubviewa;
			sourceTree = "<group>";
		};
		4BEE1149238ADD5B00379D6E /* Realm */ = {
			isa = PBXGroup;
			children = (
				4BEE114A238ADD9C00379D6E /* RealmPath.swift */,
				4BEE114C238ADDDF00379D6E /* APODEntryInteraction.swift */,
				4B033F3C23A85C2300D9965E /* APODFeedDataInteraction.swift */,
				4BEE1151238AE43300379D6E /* AstronomicalObjectsInteraction.swift */,
			);
			path = Realm;
			sourceTree = "<group>";
		};
		4BEE114E238AE1E600379D6E /* APODEntries */ = {
			isa = PBXGroup;
			children = (
				4BCA1CE922B6AA0900118A1E /* EntryNetworking.swift */,
				4B3A50542394254B00ED5779 /* EntryImageNetworking.swift */,
			);
			path = APODEntries;
			sourceTree = "<group>";
		};
		9326997725848E964D5B9BEE /* Frameworks */ = {
			isa = PBXGroup;
			children = (
				4BB2EB2E2316B2A700D16A2A /* Realm.framework */,
				4BB2EB2C2316B2A700D16A2A /* RealmSwift.framework */,
			);
			name = Frameworks;
			sourceTree = "<group>";
		};
/* End PBXGroup section */

/* Begin PBXNativeTarget section */
		4BA44E6122B92A6A009756AA /* AstroUITests */ = {
			isa = PBXNativeTarget;
			buildConfigurationList = 4BA44E6922B92A6A009756AA /* Build configuration list for PBXNativeTarget "AstroUITests" */;
			buildPhases = (
				4BA44E5E22B92A6A009756AA /* Sources */,
				4BA44E5F22B92A6A009756AA /* Frameworks */,
				4BA44E6022B92A6A009756AA /* Resources */,
			);
			buildRules = (
			);
			dependencies = (
				4BA44E6822B92A6A009756AA /* PBXTargetDependency */,
			);
			name = AstroUITests;
			productName = AstroUITests;
			productReference = 4BA44E6222B92A6A009756AA /* AstroUITests.xctest */;
			productType = "com.apple.product-type.bundle.ui-testing";
		};
		4BA44E6F22B92A93009756AA /* AstroTests */ = {
			isa = PBXNativeTarget;
			buildConfigurationList = 4BA44E7722B92A93009756AA /* Build configuration list for PBXNativeTarget "AstroTests" */;
			buildPhases = (
				4BA44E6C22B92A93009756AA /* Sources */,
				4BA44E6D22B92A93009756AA /* Frameworks */,
				4BA44E6E22B92A93009756AA /* Resources */,
			);
			buildRules = (
			);
			dependencies = (
				4BA44E7622B92A93009756AA /* PBXTargetDependency */,
			);
			name = AstroTests;
			productName = AstroTests;
			productReference = 4BA44E7022B92A93009756AA /* AstroTests.xctest */;
			productType = "com.apple.product-type.bundle.unit-test";
		};
		4BC55CA5225D330B0079A3E5 /* Astro */ = {
			isa = PBXNativeTarget;
			buildConfigurationList = 4BC55CBB225D330D0079A3E5 /* Build configuration list for PBXNativeTarget "Astro" */;
			buildPhases = (
				4BC55CA2225D330B0079A3E5 /* Sources */,
				4BC55CA3225D330B0079A3E5 /* Frameworks */,
				4BC55CA4225D330B0079A3E5 /* Resources */,
				4BD39B032381F32900B70DC3 /* CopyFiles */,
			);
			buildRules = (
			);
			dependencies = (
			);
			name = Astro;
			productName = Astro;
			productReference = 4BC55CA6225D330B0079A3E5 /* Astro.app */;
			productType = "com.apple.product-type.application";
		};
/* End PBXNativeTarget section */

/* Begin PBXProject section */
		4BC55C9E225D330B0079A3E5 /* Project object */ = {
			isa = PBXProject;
			attributes = {
				LastSwiftUpdateCheck = 1020;
				LastUpgradeCheck = 1020;
				ORGANIZATIONNAME = "Michael Tabb";
				TargetAttributes = {
					4BA44E6122B92A6A009756AA = {
						CreatedOnToolsVersion = 10.2.1;
						TestTargetID = 4BC55CA5225D330B0079A3E5;
					};
					4BA44E6F22B92A93009756AA = {
						CreatedOnToolsVersion = 10.2.1;
						TestTargetID = 4BC55CA5225D330B0079A3E5;
					};
					4BC55CA5225D330B0079A3E5 = {
						CreatedOnToolsVersion = 10.2;
					};
				};
			};
			buildConfigurationList = 4BC55CA1225D330B0079A3E5 /* Build configuration list for PBXProject "Astro" */;
			compatibilityVersion = "Xcode 11.0";
			developmentRegion = en;
			hasScannedForEncodings = 0;
			knownRegions = (
				en,
				Base,
			);
			mainGroup = 4BC55C9D225D330B0079A3E5;
			productRefGroup = 4BC55CA7225D330B0079A3E5 /* Products */;
			projectDirPath = "";
			projectRoot = "";
			targets = (
				4BC55CA5225D330B0079A3E5 /* Astro */,
				4BA44E6F22B92A93009756AA /* AstroTests */,
				4BA44E6122B92A6A009756AA /* AstroUITests */,
			);
		};
/* End PBXProject section */

/* Begin PBXResourcesBuildPhase section */
		4BA44E6022B92A6A009756AA /* Resources */ = {
			isa = PBXResourcesBuildPhase;
			buildActionMask = 2147483647;
			files = (
			);
			runOnlyForDeploymentPostprocessing = 0;
		};
		4BA44E6E22B92A93009756AA /* Resources */ = {
			isa = PBXResourcesBuildPhase;
			buildActionMask = 2147483647;
			files = (
			);
			runOnlyForDeploymentPostprocessing = 0;
		};
		4BC55CA4225D330B0079A3E5 /* Resources */ = {
			isa = PBXResourcesBuildPhase;
			buildActionMask = 2147483647;
			files = (
				4BC55CB7225D330D0079A3E5 /* LaunchScreen.storyboard in Resources */,
				4BC55CB4225D330D0079A3E5 /* Assets.xcassets in Resources */,
				4BC55CAF225D330B0079A3E5 /* Main.storyboard in Resources */,
				4BB687BD22664D1F00D423F9 /* AstroObjTempCell.xib in Resources */,
				4BC55CF5225FB0210079A3E5 /* AstronomicalObjectData.plist in Resources */,
				4BC55CCB225E59A90079A3E5 /* RelativeWeightCell.xib in Resources */,
				4B384B8C236F329200C3FD59 /* DropDownAlert.storyboard in Resources */,
			);
			runOnlyForDeploymentPostprocessing = 0;
		};
/* End PBXResourcesBuildPhase section */

/* Begin PBXSourcesBuildPhase section */
		4BA44E5E22B92A6A009756AA /* Sources */ = {
			isa = PBXSourcesBuildPhase;
			buildActionMask = 2147483647;
			files = (
				4BA44E6522B92A6A009756AA /* AstroUITests.swift in Sources */,
			);
			runOnlyForDeploymentPostprocessing = 0;
		};
		4BA44E6C22B92A93009756AA /* Sources */ = {
			isa = PBXSourcesBuildPhase;
			buildActionMask = 2147483647;
			files = (
				4B2F6EC7236F1C3D00F8D890 /* SearchBarMethodsTests.swift in Sources */,
				4BEC2F772381B80400395CA4 /* InjectableSubviewManagerTests.swift in Sources */,
				4BA44E7322B92A93009756AA /* FormatterMethodsTests.swift in Sources */,
			);
			runOnlyForDeploymentPostprocessing = 0;
		};
		4BC55CA2225D330B0079A3E5 /* Sources */ = {
			isa = PBXSourcesBuildPhase;
			buildActionMask = 2147483647;
			files = (
				4B3A4FBA238CD37A00ED5779 /* APODEntryComponentDefaultHeights.swift in Sources */,
				4B47DDAD2343D7FD005F736F /* Keys.swift in Sources */,
				4B3A50552394254B00ED5779 /* EntryImageNetworking.swift in Sources */,
				4BE14DCD2311B118000FA4E8 /* EntryCellConstructor.swift in Sources */,
				4BB687AF226519E600D423F9 /* RelativeWeightInputVC.swift in Sources */,
				4BEE1150238AE20400379D6E /* NetworkingModels.swift in Sources */,
				4B384B91236F351A00C3FD59 /* InjectableSubviewManager.swift in Sources */,
				4BEE114B238ADD9C00379D6E /* RealmPath.swift in Sources */,
				4BE14DCB2311AA27000FA4E8 /* ExpandExplanationManager.swift in Sources */,
				4B98E8A022BEC9D90025B8F2 /* SearchBarMethods.swift in Sources */,
				4BB687B922664C6A00D423F9 /* AstroObjTempTVC.swift in Sources */,
				4BE51AD722E34EB4002905ED /* APODEntryCell.swift in Sources */,
				4BD39B072381F56200B70DC3 /* DecoderMethods.swift in Sources */,
				4BCDFBAE22FC7740003E39E8 /* APODFeedVC.swift in Sources */,
				4B384B8A236F327A00C3FD59 /* DropDownAlertVC.swift in Sources */,
				4B1A9AEF22F723F000B88975 /* InternetDetection.swift in Sources */,
				4B20CC6A2378A7AD0057FEB8 /* UIColor.swift in Sources */,
				4BCA1CEC22B6B6AB00118A1E /* KeyboardMethods.swift in Sources */,
				4BEE1152238AE43300379D6E /* AstronomicalObjectsInteraction.swift in Sources */,
				4BC55CC5225D35450079A3E5 /* WeightDisplayTVC.swift in Sources */,
				4BCA1CEE22B6BD9D00118A1E /* FormatterMethods.swift in Sources */,
				4BD39B0A2381FC1600B70DC3 /* NetworkManager.swift in Sources */,
				4BD39AFC2381D7DF00B70DC3 /* ApplicationModels.swift in Sources */,
				4BBB94F82284CE9100944506 /* MainTabController.swift in Sources */,
				4BC55CAA225D330B0079A3E5 /* AppDelegate.swift in Sources */,
				4B6023E022BE76F200732745 /* UserDefaultsMethods.swift in Sources */,
				4BB687BF2266538000D423F9 /* AstroObjTempDisplayVC.swift in Sources */,
				4B20CC672378A32A0057FEB8 /* TextColorSelector.swift in Sources */,
				4B384B8F236F32C900C3FD59 /* DropDownAlertManager.swift in Sources */,
				4B98E8A422C2B63E0025B8F2 /* EntryCellConstraints.swift in Sources */,
				4B6023E422BE7CB900732745 /* Navigation.swift in Sources */,
				4BB687BC22664D1F00D423F9 /* AstroObjTempCell.swift in Sources */,
				4B3A4FBC238CD65800ED5779 /* ImageProcessing.swift in Sources */,
				4BCDFC0C22FF18F4003E39E8 /* BootStrapColors.swift in Sources */,
				4BCA1CEA22B6AA0900118A1E /* EntryNetworking.swift in Sources */,
				4BD2BEEB23A69692005040D4 /* FeedManager.swift in Sources */,
				4B033F3D23A85C2300D9965E /* APODFeedDataInteraction.swift in Sources */,
				4B43AC0023A842BD004FC99C /* APODEntryBuilder.swift in Sources */,
				4BC55CCA225E59A90079A3E5 /* RelativeWeightCell.swift in Sources */,
				4BCA1CE822B69EA100118A1E /* LoadingAnimation.swift in Sources */,
				4B6023DE22BBBFFF00732745 /* AstronomicalObjectDataUpload.swift in Sources */,
				4BEE114D238ADDDF00379D6E /* APODEntryInteraction.swift in Sources */,
			);
			runOnlyForDeploymentPostprocessing = 0;
		};
/* End PBXSourcesBuildPhase section */

/* Begin PBXTargetDependency section */
		4BA44E6822B92A6A009756AA /* PBXTargetDependency */ = {
			isa = PBXTargetDependency;
			target = 4BC55CA5225D330B0079A3E5 /* Astro */;
			targetProxy = 4BA44E6722B92A6A009756AA /* PBXContainerItemProxy */;
		};
		4BA44E7622B92A93009756AA /* PBXTargetDependency */ = {
			isa = PBXTargetDependency;
			target = 4BC55CA5225D330B0079A3E5 /* Astro */;
			targetProxy = 4BA44E7522B92A93009756AA /* PBXContainerItemProxy */;
		};
/* End PBXTargetDependency section */

/* Begin PBXVariantGroup section */
		4BC55CAD225D330B0079A3E5 /* Main.storyboard */ = {
			isa = PBXVariantGroup;
			children = (
				4BC55CAE225D330B0079A3E5 /* Base */,
			);
			name = Main.storyboard;
			sourceTree = "<group>";
		};
		4BC55CB5225D330D0079A3E5 /* LaunchScreen.storyboard */ = {
			isa = PBXVariantGroup;
			children = (
				4BC55CB6225D330D0079A3E5 /* Base */,
			);
			name = LaunchScreen.storyboard;
			sourceTree = "<group>";
		};
/* End PBXVariantGroup section */

/* Begin XCBuildConfiguration section */
		4BA44E6A22B92A6A009756AA /* Debug */ = {
			isa = XCBuildConfiguration;
			buildSettings = {
				CODE_SIGN_STYLE = Automatic;
				DEVELOPMENT_TEAM = ASA7Y46W6W;
				INFOPLIST_FILE = AstroUITests/Info.plist;
				LD_RUNPATH_SEARCH_PATHS = (
					"$(inherited)",
					"@executable_path/Frameworks",
					"@loader_path/Frameworks",
				);
				PRODUCT_BUNDLE_IDENTIFIER = "com.michael-tabb.AstroUITests";
				PRODUCT_NAME = "$(TARGET_NAME)";
				SWIFT_VERSION = 5.0;
				TARGETED_DEVICE_FAMILY = "1,2";
				TEST_TARGET_NAME = Astro;
			};
			name = Debug;
		};
		4BA44E6B22B92A6A009756AA /* Release */ = {
			isa = XCBuildConfiguration;
			buildSettings = {
				CODE_SIGN_STYLE = Automatic;
				DEVELOPMENT_TEAM = ASA7Y46W6W;
				INFOPLIST_FILE = AstroUITests/Info.plist;
				LD_RUNPATH_SEARCH_PATHS = (
					"$(inherited)",
					"@executable_path/Frameworks",
					"@loader_path/Frameworks",
				);
				PRODUCT_BUNDLE_IDENTIFIER = "com.michael-tabb.AstroUITests";
				PRODUCT_NAME = "$(TARGET_NAME)";
				SWIFT_VERSION = 5.0;
				TARGETED_DEVICE_FAMILY = "1,2";
				TEST_TARGET_NAME = Astro;
			};
			name = Release;
		};
		4BA44E7822B92A93009756AA /* Debug */ = {
			isa = XCBuildConfiguration;
			buildSettings = {
				BUNDLE_LOADER = "$(TEST_HOST)";
				CODE_SIGN_STYLE = Automatic;
				DEVELOPMENT_TEAM = ASA7Y46W6W;
				INFOPLIST_FILE = AstroTests/Info.plist;
				LD_RUNPATH_SEARCH_PATHS = (
					"$(inherited)",
					"@executable_path/Frameworks",
					"@loader_path/Frameworks",
				);
				PRODUCT_BUNDLE_IDENTIFIER = "com.michael-tabb.AstroTests";
				PRODUCT_NAME = "$(TARGET_NAME)";
				SWIFT_VERSION = 5.0;
				TARGETED_DEVICE_FAMILY = "1,2";
				TEST_HOST = "$(BUILT_PRODUCTS_DIR)/Astro.app/Astro";
			};
			name = Debug;
		};
		4BA44E7922B92A93009756AA /* Release */ = {
			isa = XCBuildConfiguration;
			buildSettings = {
				BUNDLE_LOADER = "$(TEST_HOST)";
				CODE_SIGN_STYLE = Automatic;
				DEVELOPMENT_TEAM = ASA7Y46W6W;
				INFOPLIST_FILE = AstroTests/Info.plist;
				LD_RUNPATH_SEARCH_PATHS = (
					"$(inherited)",
					"@executable_path/Frameworks",
					"@loader_path/Frameworks",
				);
				PRODUCT_BUNDLE_IDENTIFIER = "com.michael-tabb.AstroTests";
				PRODUCT_NAME = "$(TARGET_NAME)";
				SWIFT_VERSION = 5.0;
				TARGETED_DEVICE_FAMILY = "1,2";
				TEST_HOST = "$(BUILT_PRODUCTS_DIR)/Astro.app/Astro";
			};
			name = Release;
		};
		4BC55CB9225D330D0079A3E5 /* Debug */ = {
			isa = XCBuildConfiguration;
			buildSettings = {
				ALWAYS_SEARCH_USER_PATHS = NO;
				CLANG_ANALYZER_NONNULL = YES;
				CLANG_ANALYZER_NUMBER_OBJECT_CONVERSION = YES_AGGRESSIVE;
				CLANG_CXX_LANGUAGE_STANDARD = "gnu++14";
				CLANG_CXX_LIBRARY = "libc++";
				CLANG_ENABLE_MODULES = YES;
				CLANG_ENABLE_OBJC_ARC = YES;
				CLANG_ENABLE_OBJC_WEAK = YES;
				CLANG_WARN_BLOCK_CAPTURE_AUTORELEASING = YES;
				CLANG_WARN_BOOL_CONVERSION = YES;
				CLANG_WARN_COMMA = YES;
				CLANG_WARN_CONSTANT_CONVERSION = YES;
				CLANG_WARN_DEPRECATED_OBJC_IMPLEMENTATIONS = YES;
				CLANG_WARN_DIRECT_OBJC_ISA_USAGE = YES_ERROR;
				CLANG_WARN_DOCUMENTATION_COMMENTS = YES;
				CLANG_WARN_EMPTY_BODY = YES;
				CLANG_WARN_ENUM_CONVERSION = YES;
				CLANG_WARN_INFINITE_RECURSION = YES;
				CLANG_WARN_INT_CONVERSION = YES;
				CLANG_WARN_NON_LITERAL_NULL_CONVERSION = YES;
				CLANG_WARN_OBJC_IMPLICIT_RETAIN_SELF = YES;
				CLANG_WARN_OBJC_LITERAL_CONVERSION = YES;
				CLANG_WARN_OBJC_ROOT_CLASS = YES_ERROR;
				CLANG_WARN_RANGE_LOOP_ANALYSIS = YES;
				CLANG_WARN_STRICT_PROTOTYPES = YES;
				CLANG_WARN_SUSPICIOUS_MOVE = YES;
				CLANG_WARN_UNGUARDED_AVAILABILITY = YES_AGGRESSIVE;
				CLANG_WARN_UNREACHABLE_CODE = YES;
				CLANG_WARN__DUPLICATE_METHOD_MATCH = YES;
				CODE_SIGN_IDENTITY = "iPhone Developer";
				COPY_PHASE_STRIP = NO;
				DEBUG_INFORMATION_FORMAT = dwarf;
				ENABLE_STRICT_OBJC_MSGSEND = YES;
				ENABLE_TESTABILITY = YES;
				GCC_C_LANGUAGE_STANDARD = gnu11;
				GCC_DYNAMIC_NO_PIC = NO;
				GCC_NO_COMMON_BLOCKS = YES;
				GCC_OPTIMIZATION_LEVEL = 0;
				GCC_PREPROCESSOR_DEFINITIONS = (
					"DEBUG=1",
					"$(inherited)",
				);
				GCC_WARN_64_TO_32_BIT_CONVERSION = YES;
				GCC_WARN_ABOUT_RETURN_TYPE = YES_ERROR;
				GCC_WARN_UNDECLARED_SELECTOR = YES;
				GCC_WARN_UNINITIALIZED_AUTOS = YES_AGGRESSIVE;
				GCC_WARN_UNUSED_FUNCTION = YES;
				GCC_WARN_UNUSED_VARIABLE = YES;
				IPHONEOS_DEPLOYMENT_TARGET = 13.1;
				MTL_ENABLE_DEBUG_INFO = INCLUDE_SOURCE;
				MTL_FAST_MATH = YES;
				ONLY_ACTIVE_ARCH = YES;
				SDKROOT = iphoneos;
				SWIFT_ACTIVE_COMPILATION_CONDITIONS = DEBUG;
				SWIFT_OPTIMIZATION_LEVEL = "-Onone";
			};
			name = Debug;
		};
		4BC55CBA225D330D0079A3E5 /* Release */ = {
			isa = XCBuildConfiguration;
			buildSettings = {
				ALWAYS_SEARCH_USER_PATHS = NO;
				CLANG_ANALYZER_NONNULL = YES;
				CLANG_ANALYZER_NUMBER_OBJECT_CONVERSION = YES_AGGRESSIVE;
				CLANG_CXX_LANGUAGE_STANDARD = "gnu++14";
				CLANG_CXX_LIBRARY = "libc++";
				CLANG_ENABLE_MODULES = YES;
				CLANG_ENABLE_OBJC_ARC = YES;
				CLANG_ENABLE_OBJC_WEAK = YES;
				CLANG_WARN_BLOCK_CAPTURE_AUTORELEASING = YES;
				CLANG_WARN_BOOL_CONVERSION = YES;
				CLANG_WARN_COMMA = YES;
				CLANG_WARN_CONSTANT_CONVERSION = YES;
				CLANG_WARN_DEPRECATED_OBJC_IMPLEMENTATIONS = YES;
				CLANG_WARN_DIRECT_OBJC_ISA_USAGE = YES_ERROR;
				CLANG_WARN_DOCUMENTATION_COMMENTS = YES;
				CLANG_WARN_EMPTY_BODY = YES;
				CLANG_WARN_ENUM_CONVERSION = YES;
				CLANG_WARN_INFINITE_RECURSION = YES;
				CLANG_WARN_INT_CONVERSION = YES;
				CLANG_WARN_NON_LITERAL_NULL_CONVERSION = YES;
				CLANG_WARN_OBJC_IMPLICIT_RETAIN_SELF = YES;
				CLANG_WARN_OBJC_LITERAL_CONVERSION = YES;
				CLANG_WARN_OBJC_ROOT_CLASS = YES_ERROR;
				CLANG_WARN_RANGE_LOOP_ANALYSIS = YES;
				CLANG_WARN_STRICT_PROTOTYPES = YES;
				CLANG_WARN_SUSPICIOUS_MOVE = YES;
				CLANG_WARN_UNGUARDED_AVAILABILITY = YES_AGGRESSIVE;
				CLANG_WARN_UNREACHABLE_CODE = YES;
				CLANG_WARN__DUPLICATE_METHOD_MATCH = YES;
				CODE_SIGN_IDENTITY = "iPhone Developer";
				COPY_PHASE_STRIP = NO;
				DEBUG_INFORMATION_FORMAT = "dwarf-with-dsym";
				ENABLE_NS_ASSERTIONS = NO;
				ENABLE_STRICT_OBJC_MSGSEND = YES;
				GCC_C_LANGUAGE_STANDARD = gnu11;
				GCC_NO_COMMON_BLOCKS = YES;
				GCC_WARN_64_TO_32_BIT_CONVERSION = YES;
				GCC_WARN_ABOUT_RETURN_TYPE = YES_ERROR;
				GCC_WARN_UNDECLARED_SELECTOR = YES;
				GCC_WARN_UNINITIALIZED_AUTOS = YES_AGGRESSIVE;
				GCC_WARN_UNUSED_FUNCTION = YES;
				GCC_WARN_UNUSED_VARIABLE = YES;
				IPHONEOS_DEPLOYMENT_TARGET = 13.1;
				MTL_ENABLE_DEBUG_INFO = NO;
				MTL_FAST_MATH = YES;
				SDKROOT = iphoneos;
				SWIFT_COMPILATION_MODE = wholemodule;
				SWIFT_OPTIMIZATION_LEVEL = "-O";
				VALIDATE_PRODUCT = YES;
			};
			name = Release;
		};
		4BC55CBC225D330D0079A3E5 /* Debug */ = {
			isa = XCBuildConfiguration;
			buildSettings = {
				ASSETCATALOG_COMPILER_APPICON_NAME = AppIcon;
				CODE_SIGN_STYLE = Automatic;
				DEVELOPMENT_TEAM = ASA7Y46W6W;
				FRAMEWORK_SEARCH_PATHS = (
					"$(inherited)",
					"$(PROJECT_DIR)/Carthage/Build/iOS",
				);
				INFOPLIST_FILE = "$(SRCROOT)/Astro/Supporting Files/Info.plist";
				IPHONEOS_DEPLOYMENT_TARGET = 13.1;
				LD_RUNPATH_SEARCH_PATHS = (
					"$(inherited)",
					"@executable_path/Frameworks",
				);
				PRODUCT_BUNDLE_IDENTIFIER = "com.michael-tabb.Astro";
				PRODUCT_NAME = "$(TARGET_NAME)";
				SWIFT_VERSION = 5.0;
				TARGETED_DEVICE_FAMILY = "1,2";
			};
			name = Debug;
		};
		4BC55CBD225D330D0079A3E5 /* Release */ = {
			isa = XCBuildConfiguration;
			buildSettings = {
				ASSETCATALOG_COMPILER_APPICON_NAME = AppIcon;
				CODE_SIGN_STYLE = Automatic;
				DEVELOPMENT_TEAM = ASA7Y46W6W;
				FRAMEWORK_SEARCH_PATHS = (
					"$(inherited)",
					"$(PROJECT_DIR)/Carthage/Build/iOS",
				);
				INFOPLIST_FILE = "$(SRCROOT)/Astro/Supporting Files/Info.plist";
				IPHONEOS_DEPLOYMENT_TARGET = 13.1;
				LD_RUNPATH_SEARCH_PATHS = (
					"$(inherited)",
					"@executable_path/Frameworks",
				);
				PRODUCT_BUNDLE_IDENTIFIER = "com.michael-tabb.Astro";
				PRODUCT_NAME = "$(TARGET_NAME)";
				SWIFT_VERSION = 5.0;
				TARGETED_DEVICE_FAMILY = "1,2";
			};
			name = Release;
		};
/* End XCBuildConfiguration section */

/* Begin XCConfigurationList section */
		4BA44E6922B92A6A009756AA /* Build configuration list for PBXNativeTarget "AstroUITests" */ = {
			isa = XCConfigurationList;
			buildConfigurations = (
				4BA44E6A22B92A6A009756AA /* Debug */,
				4BA44E6B22B92A6A009756AA /* Release */,
			);
			defaultConfigurationIsVisible = 0;
			defaultConfigurationName = Release;
		};
		4BA44E7722B92A93009756AA /* Build configuration list for PBXNativeTarget "AstroTests" */ = {
			isa = XCConfigurationList;
			buildConfigurations = (
				4BA44E7822B92A93009756AA /* Debug */,
				4BA44E7922B92A93009756AA /* Release */,
			);
			defaultConfigurationIsVisible = 0;
			defaultConfigurationName = Release;
		};
		4BC55CA1225D330B0079A3E5 /* Build configuration list for PBXProject "Astro" */ = {
			isa = XCConfigurationList;
			buildConfigurations = (
				4BC55CB9225D330D0079A3E5 /* Debug */,
				4BC55CBA225D330D0079A3E5 /* Release */,
			);
			defaultConfigurationIsVisible = 0;
			defaultConfigurationName = Release;
		};
		4BC55CBB225D330D0079A3E5 /* Build configuration list for PBXNativeTarget "Astro" */ = {
			isa = XCConfigurationList;
			buildConfigurations = (
				4BC55CBC225D330D0079A3E5 /* Debug */,
				4BC55CBD225D330D0079A3E5 /* Release */,
			);
			defaultConfigurationIsVisible = 0;
			defaultConfigurationName = Release;
		};
/* End XCConfigurationList section */
	};
	rootObject = 4BC55C9E225D330B0079A3E5 /* Project object */;
}
