// !$*UTF8*$!
{
	archiveVersion = 1;
	classes = {
	};
	objectVersion = 50;
	objects = {

/* Begin PBXBuildFile section */
		4B1A9AEF22F723F000B88975 /* InternetConnection.swift in Sources */ = {isa = PBXBuildFile; fileRef = 4B1A9AEE22F723F000B88975 /* InternetConnection.swift */; };
		4B6023DE22BBBFFF00732745 /* PreloadPlanetData.swift in Sources */ = {isa = PBXBuildFile; fileRef = 4B6023DD22BBBFFF00732745 /* PreloadPlanetData.swift */; };
		4B6023E022BE76F200732745 /* PersistentData.swift in Sources */ = {isa = PBXBuildFile; fileRef = 4B6023DF22BE76F200732745 /* PersistentData.swift */; };
		4B6023E222BE7C6800732745 /* SearchBarMethods.swift in Sources */ = {isa = PBXBuildFile; fileRef = 4B6023E122BE7C6800732745 /* SearchBarMethods.swift */; };
		4B6023E422BE7CB900732745 /* NavigationMethods.swift in Sources */ = {isa = PBXBuildFile; fileRef = 4B6023E322BE7CB900732745 /* NavigationMethods.swift */; };
		4B6023E722BE90A600732745 /* MathMethods.swift in Sources */ = {isa = PBXBuildFile; fileRef = 4B6023E622BE90A600732745 /* MathMethods.swift */; };
		4B6023E922BE95FA00732745 /* MathMethodsTests.swift in Sources */ = {isa = PBXBuildFile; fileRef = 4B6023E822BE95FA00732745 /* MathMethodsTests.swift */; };
		4B79B41B22AD5C0200D6711C /* PlanetDataHandler.swift in Sources */ = {isa = PBXBuildFile; fileRef = 4B79B41A22AD5C0200D6711C /* PlanetDataHandler.swift */; };
		4B98E89E22BEC8A10025B8F2 /* SearchBarMethodsTests.swift in Sources */ = {isa = PBXBuildFile; fileRef = 4B98E89D22BEC8A10025B8F2 /* SearchBarMethodsTests.swift */; };
		4B98E8A022BEC9D90025B8F2 /* LabelMethods.swift in Sources */ = {isa = PBXBuildFile; fileRef = 4B98E89F22BEC9D90025B8F2 /* LabelMethods.swift */; };
		4B98E8A222BED04C0025B8F2 /* LabelMethodsTests.swift in Sources */ = {isa = PBXBuildFile; fileRef = 4B98E8A122BED04C0025B8F2 /* LabelMethodsTests.swift */; };
		4B98E8A422C2B63E0025B8F2 /* UIConstraints.swift in Sources */ = {isa = PBXBuildFile; fileRef = 4B98E8A322C2B63E0025B8F2 /* UIConstraints.swift */; };
		4B98E8A622C2B7020025B8F2 /* EntryImageProcessingManager.swift in Sources */ = {isa = PBXBuildFile; fileRef = 4B98E8A522C2B7020025B8F2 /* EntryImageProcessingManager.swift */; };
		4BA44E6522B92A6A009756AA /* AstroUITests.swift in Sources */ = {isa = PBXBuildFile; fileRef = 4BA44E6422B92A6A009756AA /* AstroUITests.swift */; };
		4BA44E7322B92A93009756AA /* FormatterMethodsTests.swift in Sources */ = {isa = PBXBuildFile; fileRef = 4BA44E7222B92A93009756AA /* FormatterMethodsTests.swift */; };
		4BB687AF226519E600D423F9 /* EnterWeightVC.swift in Sources */ = {isa = PBXBuildFile; fileRef = 4BB687AE226519E600D423F9 /* EnterWeightVC.swift */; };
		4BB687B922664C6A00D423F9 /* PlanetTemperatureTVC.swift in Sources */ = {isa = PBXBuildFile; fileRef = 4BB687B822664C6A00D423F9 /* PlanetTemperatureTVC.swift */; };
		4BB687BC22664D1F00D423F9 /* PlanetTempCell.swift in Sources */ = {isa = PBXBuildFile; fileRef = 4BB687BA22664D1F00D423F9 /* PlanetTempCell.swift */; };
		4BB687BD22664D1F00D423F9 /* PlanetTempCell.xib in Resources */ = {isa = PBXBuildFile; fileRef = 4BB687BB22664D1F00D423F9 /* PlanetTempCell.xib */; };
		4BB687BF2266538000D423F9 /* PlanetTemperatureVC.swift in Sources */ = {isa = PBXBuildFile; fileRef = 4BB687BE2266538000D423F9 /* PlanetTemperatureVC.swift */; };
		4BBB94F82284CE9100944506 /* MainTabController.swift in Sources */ = {isa = PBXBuildFile; fileRef = 4BBB94F72284CE9100944506 /* MainTabController.swift */; };
		4BC55CAA225D330B0079A3E5 /* AppDelegate.swift in Sources */ = {isa = PBXBuildFile; fileRef = 4BC55CA9225D330B0079A3E5 /* AppDelegate.swift */; };
		4BC55CAF225D330B0079A3E5 /* Main.storyboard in Resources */ = {isa = PBXBuildFile; fileRef = 4BC55CAD225D330B0079A3E5 /* Main.storyboard */; };
		4BC55CB2225D330B0079A3E5 /* Astro.xcdatamodeld in Sources */ = {isa = PBXBuildFile; fileRef = 4BC55CB0225D330B0079A3E5 /* Astro.xcdatamodeld */; };
		4BC55CB4225D330D0079A3E5 /* Assets.xcassets in Resources */ = {isa = PBXBuildFile; fileRef = 4BC55CB3225D330D0079A3E5 /* Assets.xcassets */; };
		4BC55CB7225D330D0079A3E5 /* LaunchScreen.storyboard in Resources */ = {isa = PBXBuildFile; fileRef = 4BC55CB5225D330D0079A3E5 /* LaunchScreen.storyboard */; };
		4BC55CC5225D35450079A3E5 /* WeightDisplayTVC.swift in Sources */ = {isa = PBXBuildFile; fileRef = 4BC55CC4225D35450079A3E5 /* WeightDisplayTVC.swift */; };
		4BC55CCA225E59A90079A3E5 /* PlanetWeightCell.swift in Sources */ = {isa = PBXBuildFile; fileRef = 4BC55CC8225E59A90079A3E5 /* PlanetWeightCell.swift */; };
		4BC55CCB225E59A90079A3E5 /* PlanetCell.xib in Resources */ = {isa = PBXBuildFile; fileRef = 4BC55CC9225E59A90079A3E5 /* PlanetCell.xib */; };
		4BC55CF5225FB0210079A3E5 /* PlanetData.plist in Resources */ = {isa = PBXBuildFile; fileRef = 4BC55CF4225FB0210079A3E5 /* PlanetData.plist */; };
		4BC55CF7225FD97B0079A3E5 /* planetUploadModel.swift in Sources */ = {isa = PBXBuildFile; fileRef = 4BC55CF6225FD97B0079A3E5 /* planetUploadModel.swift */; };
		4BCA1CE822B69EA100118A1E /* LoadingAnimation.swift in Sources */ = {isa = PBXBuildFile; fileRef = 4BCA1CE722B69EA100118A1E /* LoadingAnimation.swift */; };
		4BCA1CEA22B6AA0900118A1E /* NDNAPI.swift in Sources */ = {isa = PBXBuildFile; fileRef = 4BCA1CE922B6AA0900118A1E /* NDNAPI.swift */; };
		4BCA1CEC22B6B6AB00118A1E /* KeyboardMethods.swift in Sources */ = {isa = PBXBuildFile; fileRef = 4BCA1CEB22B6B6AB00118A1E /* KeyboardMethods.swift */; };
		4BCA1CEE22B6BD9D00118A1E /* FormatterMethods.swift in Sources */ = {isa = PBXBuildFile; fileRef = 4BCA1CED22B6BD9D00118A1E /* FormatterMethods.swift */; };
		4BCDFBAE22FC7740003E39E8 /* NasaDailyNewsVC.swift in Sources */ = {isa = PBXBuildFile; fileRef = 4BCDFBAD22FC7740003E39E8 /* NasaDailyNewsVC.swift */; };
		4BCDFC0C22FF18F4003E39E8 /* BSColors.swift in Sources */ = {isa = PBXBuildFile; fileRef = 4BCDFC0B22FF18F4003E39E8 /* BSColors.swift */; };
		4BE14DCB2311AA27000FA4E8 /* ExpandExplanationManager.swift in Sources */ = {isa = PBXBuildFile; fileRef = 4BE14DCA2311AA27000FA4E8 /* ExpandExplanationManager.swift */; };
		4BE14DCD2311B118000FA4E8 /* EntryCellConstructor.swift in Sources */ = {isa = PBXBuildFile; fileRef = 4BE14DCC2311B118000FA4E8 /* EntryCellConstructor.swift */; };
		4BE14DCF2311E22F000FA4E8 /* EntryCellManager.swift in Sources */ = {isa = PBXBuildFile; fileRef = 4BE14DCE2311E22F000FA4E8 /* EntryCellManager.swift */; };
		4BE51AD722E34EB4002905ED /* NasaNewsEntryCell.swift in Sources */ = {isa = PBXBuildFile; fileRef = 4BE51AD522E34EB4002905ED /* NasaNewsEntryCell.swift */; };
		4BE51ADC22E60EFE002905ED /* EntryCellInsertionManager.swift in Sources */ = {isa = PBXBuildFile; fileRef = 4BE51ADB22E60EFE002905ED /* EntryCellInsertionManager.swift */; };
		4BEC669422DA6DAB00513FA9 /* NDNAPIStagingModel.swift in Sources */ = {isa = PBXBuildFile; fileRef = 4BEC669322DA6DAB00513FA9 /* NDNAPIStagingModel.swift */; };
		5E13D7C415B15D376AB31CD9 /* Pods_Astro.framework in Frameworks */ = {isa = PBXBuildFile; fileRef = 3FDA973E3FD78D118A37704B /* Pods_Astro.framework */; };
/* End PBXBuildFile section */

/* Begin PBXContainerItemProxy section */
		4BA44E6722B92A6A009756AA /* PBXContainerItemProxy */ = {
			isa = PBXContainerItemProxy;
			containerPortal = 4BC55C9E225D330B0079A3E5 /* Project object */;
			proxyType = 1;
			remoteGlobalIDString = 4BC55CA5225D330B0079A3E5;
			remoteInfo = Astro;
		};
		4BA44E7522B92A93009756AA /* PBXContainerItemProxy */ = {
			isa = PBXContainerItemProxy;
			containerPortal = 4BC55C9E225D330B0079A3E5 /* Project object */;
			proxyType = 1;
			remoteGlobalIDString = 4BC55CA5225D330B0079A3E5;
			remoteInfo = Astro;
		};
/* End PBXContainerItemProxy section */

/* Begin PBXFileReference section */
		201695E2626193813C0D7112 /* Pods-Astro.debug.xcconfig */ = {isa = PBXFileReference; includeInIndex = 1; lastKnownFileType = text.xcconfig; name = "Pods-Astro.debug.xcconfig"; path = "Target Support Files/Pods-Astro/Pods-Astro.debug.xcconfig"; sourceTree = "<group>"; };
		3FDA973E3FD78D118A37704B /* Pods_Astro.framework */ = {isa = PBXFileReference; explicitFileType = wrapper.framework; includeInIndex = 0; path = Pods_Astro.framework; sourceTree = BUILT_PRODUCTS_DIR; };
		4B1A9AEE22F723F000B88975 /* InternetConnection.swift */ = {isa = PBXFileReference; lastKnownFileType = sourcecode.swift; path = InternetConnection.swift; sourceTree = "<group>"; };
		4B6023DD22BBBFFF00732745 /* PreloadPlanetData.swift */ = {isa = PBXFileReference; lastKnownFileType = sourcecode.swift; path = PreloadPlanetData.swift; sourceTree = "<group>"; };
		4B6023DF22BE76F200732745 /* PersistentData.swift */ = {isa = PBXFileReference; lastKnownFileType = sourcecode.swift; path = PersistentData.swift; sourceTree = "<group>"; };
		4B6023E122BE7C6800732745 /* SearchBarMethods.swift */ = {isa = PBXFileReference; lastKnownFileType = sourcecode.swift; path = SearchBarMethods.swift; sourceTree = "<group>"; };
		4B6023E322BE7CB900732745 /* NavigationMethods.swift */ = {isa = PBXFileReference; lastKnownFileType = sourcecode.swift; path = NavigationMethods.swift; sourceTree = "<group>"; };
		4B6023E622BE90A600732745 /* MathMethods.swift */ = {isa = PBXFileReference; lastKnownFileType = sourcecode.swift; path = MathMethods.swift; sourceTree = "<group>"; };
		4B6023E822BE95FA00732745 /* MathMethodsTests.swift */ = {isa = PBXFileReference; lastKnownFileType = sourcecode.swift; path = MathMethodsTests.swift; sourceTree = "<group>"; };
		4B79B41A22AD5C0200D6711C /* PlanetDataHandler.swift */ = {isa = PBXFileReference; lastKnownFileType = sourcecode.swift; path = PlanetDataHandler.swift; sourceTree = "<group>"; };
		4B98E89D22BEC8A10025B8F2 /* SearchBarMethodsTests.swift */ = {isa = PBXFileReference; lastKnownFileType = sourcecode.swift; path = SearchBarMethodsTests.swift; sourceTree = "<group>"; };
		4B98E89F22BEC9D90025B8F2 /* LabelMethods.swift */ = {isa = PBXFileReference; lastKnownFileType = sourcecode.swift; path = LabelMethods.swift; sourceTree = "<group>"; };
		4B98E8A122BED04C0025B8F2 /* LabelMethodsTests.swift */ = {isa = PBXFileReference; lastKnownFileType = sourcecode.swift; path = LabelMethodsTests.swift; sourceTree = "<group>"; };
		4B98E8A322C2B63E0025B8F2 /* UIConstraints.swift */ = {isa = PBXFileReference; lastKnownFileType = sourcecode.swift; path = UIConstraints.swift; sourceTree = "<group>"; };
		4B98E8A522C2B7020025B8F2 /* EntryImageProcessingManager.swift */ = {isa = PBXFileReference; lastKnownFileType = sourcecode.swift; path = EntryImageProcessingManager.swift; sourceTree = "<group>"; };
		4BA44E6222B92A6A009756AA /* AstroUITests.xctest */ = {isa = PBXFileReference; explicitFileType = wrapper.cfbundle; includeInIndex = 0; path = AstroUITests.xctest; sourceTree = BUILT_PRODUCTS_DIR; };
		4BA44E6422B92A6A009756AA /* AstroUITests.swift */ = {isa = PBXFileReference; lastKnownFileType = sourcecode.swift; path = AstroUITests.swift; sourceTree = "<group>"; };
		4BA44E6622B92A6A009756AA /* Info.plist */ = {isa = PBXFileReference; lastKnownFileType = text.plist.xml; path = Info.plist; sourceTree = "<group>"; };
		4BA44E7022B92A93009756AA /* AstroTests.xctest */ = {isa = PBXFileReference; explicitFileType = wrapper.cfbundle; includeInIndex = 0; path = AstroTests.xctest; sourceTree = BUILT_PRODUCTS_DIR; };
		4BA44E7222B92A93009756AA /* FormatterMethodsTests.swift */ = {isa = PBXFileReference; lastKnownFileType = sourcecode.swift; path = FormatterMethodsTests.swift; sourceTree = "<group>"; };
		4BA44E7422B92A93009756AA /* Info.plist */ = {isa = PBXFileReference; lastKnownFileType = text.plist.xml; path = Info.plist; sourceTree = "<group>"; };
		4BB687AE226519E600D423F9 /* EnterWeightVC.swift */ = {isa = PBXFileReference; lastKnownFileType = sourcecode.swift; path = EnterWeightVC.swift; sourceTree = "<group>"; };
		4BB687B822664C6A00D423F9 /* PlanetTemperatureTVC.swift */ = {isa = PBXFileReference; lastKnownFileType = sourcecode.swift; path = PlanetTemperatureTVC.swift; sourceTree = "<group>"; };
		4BB687BA22664D1F00D423F9 /* PlanetTempCell.swift */ = {isa = PBXFileReference; lastKnownFileType = sourcecode.swift; path = PlanetTempCell.swift; sourceTree = "<group>"; };
		4BB687BB22664D1F00D423F9 /* PlanetTempCell.xib */ = {isa = PBXFileReference; lastKnownFileType = file.xib; path = PlanetTempCell.xib; sourceTree = "<group>"; };
		4BB687BE2266538000D423F9 /* PlanetTemperatureVC.swift */ = {isa = PBXFileReference; lastKnownFileType = sourcecode.swift; path = PlanetTemperatureVC.swift; sourceTree = "<group>"; };
		4BBB94F72284CE9100944506 /* MainTabController.swift */ = {isa = PBXFileReference; lastKnownFileType = sourcecode.swift; path = MainTabController.swift; sourceTree = "<group>"; };
		4BC55CA6225D330B0079A3E5 /* Astro.app */ = {isa = PBXFileReference; explicitFileType = wrapper.application; includeInIndex = 0; path = Astro.app; sourceTree = BUILT_PRODUCTS_DIR; };
		4BC55CA9225D330B0079A3E5 /* AppDelegate.swift */ = {isa = PBXFileReference; lastKnownFileType = sourcecode.swift; path = AppDelegate.swift; sourceTree = "<group>"; };
		4BC55CAE225D330B0079A3E5 /* Base */ = {isa = PBXFileReference; lastKnownFileType = file.storyboard; name = Base; path = Base.lproj/Main.storyboard; sourceTree = "<group>"; };
		4BC55CB1225D330B0079A3E5 /* Astro.xcdatamodel */ = {isa = PBXFileReference; lastKnownFileType = wrapper.xcdatamodel; path = Astro.xcdatamodel; sourceTree = "<group>"; };
		4BC55CB3225D330D0079A3E5 /* Assets.xcassets */ = {isa = PBXFileReference; lastKnownFileType = folder.assetcatalog; path = Assets.xcassets; sourceTree = "<group>"; };
		4BC55CB6225D330D0079A3E5 /* Base */ = {isa = PBXFileReference; lastKnownFileType = file.storyboard; name = Base; path = Base.lproj/LaunchScreen.storyboard; sourceTree = "<group>"; };
		4BC55CB8225D330D0079A3E5 /* Info.plist */ = {isa = PBXFileReference; lastKnownFileType = text.plist.xml; path = Info.plist; sourceTree = "<group>"; };
		4BC55CC4225D35450079A3E5 /* WeightDisplayTVC.swift */ = {isa = PBXFileReference; lastKnownFileType = sourcecode.swift; path = WeightDisplayTVC.swift; sourceTree = "<group>"; };
		4BC55CC8225E59A90079A3E5 /* PlanetWeightCell.swift */ = {isa = PBXFileReference; lastKnownFileType = sourcecode.swift; path = PlanetWeightCell.swift; sourceTree = "<group>"; };
		4BC55CC9225E59A90079A3E5 /* PlanetCell.xib */ = {isa = PBXFileReference; lastKnownFileType = file.xib; name = PlanetCell.xib; path = ../PlanetCell.xib; sourceTree = "<group>"; };
		4BC55CF4225FB0210079A3E5 /* PlanetData.plist */ = {isa = PBXFileReference; lastKnownFileType = text.plist.xml; path = PlanetData.plist; sourceTree = "<group>"; };
		4BC55CF6225FD97B0079A3E5 /* planetUploadModel.swift */ = {isa = PBXFileReference; lastKnownFileType = sourcecode.swift; path = planetUploadModel.swift; sourceTree = "<group>"; };
		4BCA1CE722B69EA100118A1E /* LoadingAnimation.swift */ = {isa = PBXFileReference; lastKnownFileType = sourcecode.swift; path = LoadingAnimation.swift; sourceTree = "<group>"; };
		4BCA1CE922B6AA0900118A1E /* NDNAPI.swift */ = {isa = PBXFileReference; lastKnownFileType = sourcecode.swift; path = NDNAPI.swift; sourceTree = "<group>"; };
		4BCA1CEB22B6B6AB00118A1E /* KeyboardMethods.swift */ = {isa = PBXFileReference; lastKnownFileType = sourcecode.swift; path = KeyboardMethods.swift; sourceTree = "<group>"; };
		4BCA1CED22B6BD9D00118A1E /* FormatterMethods.swift */ = {isa = PBXFileReference; lastKnownFileType = sourcecode.swift; path = FormatterMethods.swift; sourceTree = "<group>"; };
		4BCDFBAD22FC7740003E39E8 /* NasaDailyNewsVC.swift */ = {isa = PBXFileReference; lastKnownFileType = sourcecode.swift; path = NasaDailyNewsVC.swift; sourceTree = "<group>"; };
		4BCDFC0B22FF18F4003E39E8 /* BSColors.swift */ = {isa = PBXFileReference; lastKnownFileType = sourcecode.swift; path = BSColors.swift; sourceTree = "<group>"; };
		4BE14DCA2311AA27000FA4E8 /* ExpandExplanationManager.swift */ = {isa = PBXFileReference; lastKnownFileType = sourcecode.swift; path = ExpandExplanationManager.swift; sourceTree = "<group>"; };
		4BE14DCC2311B118000FA4E8 /* EntryCellConstructor.swift */ = {isa = PBXFileReference; lastKnownFileType = sourcecode.swift; path = EntryCellConstructor.swift; sourceTree = "<group>"; };
		4BE14DCE2311E22F000FA4E8 /* EntryCellManager.swift */ = {isa = PBXFileReference; lastKnownFileType = sourcecode.swift; path = EntryCellManager.swift; sourceTree = "<group>"; };
		4BE51AD522E34EB4002905ED /* NasaNewsEntryCell.swift */ = {isa = PBXFileReference; lastKnownFileType = sourcecode.swift; path = NasaNewsEntryCell.swift; sourceTree = "<group>"; };
		4BE51ADB22E60EFE002905ED /* EntryCellInsertionManager.swift */ = {isa = PBXFileReference; lastKnownFileType = sourcecode.swift; path = EntryCellInsertionManager.swift; sourceTree = "<group>"; };
		4BEC669322DA6DAB00513FA9 /* NDNAPIStagingModel.swift */ = {isa = PBXFileReference; lastKnownFileType = sourcecode.swift; path = NDNAPIStagingModel.swift; sourceTree = "<group>"; };
		C21986F0FE38CFB8E9C2EA5C /* Pods-Astro.release.xcconfig */ = {isa = PBXFileReference; includeInIndex = 1; lastKnownFileType = text.xcconfig; name = "Pods-Astro.release.xcconfig"; path = "Target Support Files/Pods-Astro/Pods-Astro.release.xcconfig"; sourceTree = "<group>"; };
/* End PBXFileReference section */

/* Begin PBXFrameworksBuildPhase section */
		4BA44E5F22B92A6A009756AA /* Frameworks */ = {
			isa = PBXFrameworksBuildPhase;
			buildActionMask = 2147483647;
			files = (
			);
			runOnlyForDeploymentPostprocessing = 0;
		};
		4BA44E6D22B92A93009756AA /* Frameworks */ = {
			isa = PBXFrameworksBuildPhase;
			buildActionMask = 2147483647;
			files = (
			);
			runOnlyForDeploymentPostprocessing = 0;
		};
		4BC55CA3225D330B0079A3E5 /* Frameworks */ = {
			isa = PBXFrameworksBuildPhase;
			buildActionMask = 2147483647;
			files = (
				5E13D7C415B15D376AB31CD9 /* Pods_Astro.framework in Frameworks */,
			);
			runOnlyForDeploymentPostprocessing = 0;
		};
/* End PBXFrameworksBuildPhase section */

/* Begin PBXGroup section */
		0A79765AE9C131D1C8370248 /* Pods */ = {
			isa = PBXGroup;
			children = (
				201695E2626193813C0D7112 /* Pods-Astro.debug.xcconfig */,
				C21986F0FE38CFB8E9C2EA5C /* Pods-Astro.release.xcconfig */,
			);
			path = Pods;
			sourceTree = "<group>";
		};
		4B52707E22D904DB00E8FBFD /* BasicUI */ = {
			isa = PBXGroup;
			children = (
				4B98E8A322C2B63E0025B8F2 /* UIConstraints.swift */,
				4BCA1CE722B69EA100118A1E /* LoadingAnimation.swift */,
				4BCA1CEB22B6B6AB00118A1E /* KeyboardMethods.swift */,
				4B6023E322BE7CB900732745 /* NavigationMethods.swift */,
				4B98E89F22BEC9D90025B8F2 /* LabelMethods.swift */,
				4B6023E122BE7C6800732745 /* SearchBarMethods.swift */,
			);
			path = BasicUI;
			sourceTree = "<group>";
		};
		4B6023DC22BBBEE300732745 /* Abstractions */ = {
			isa = PBXGroup;
			children = (
				4BCDFC0B22FF18F4003E39E8 /* BSColors.swift */,
				4B6023E622BE90A600732745 /* MathMethods.swift */,
				4BCA1CED22B6BD9D00118A1E /* FormatterMethods.swift */,
				4B52707E22D904DB00E8FBFD /* BasicUI */,
				4B6023E522BE8AF300732745 /* DataManagement */,
			);
			path = Abstractions;
			sourceTree = "<group>";
		};
		4B6023E522BE8AF300732745 /* DataManagement */ = {
			isa = PBXGroup;
			children = (
				4B6023DF22BE76F200732745 /* PersistentData.swift */,
				4BCA1CE922B6AA0900118A1E /* NDNAPI.swift */,
				4B6023DD22BBBFFF00732745 /* PreloadPlanetData.swift */,
				4B79B41A22AD5C0200D6711C /* PlanetDataHandler.swift */,
				4B1A9AEE22F723F000B88975 /* InternetConnection.swift */,
			);
			path = DataManagement;
			sourceTree = "<group>";
		};
		4BA44E6322B92A6A009756AA /* AstroUITests */ = {
			isa = PBXGroup;
			children = (
				4BA44E6422B92A6A009756AA /* AstroUITests.swift */,
				4BA44E6622B92A6A009756AA /* Info.plist */,
			);
			path = AstroUITests;
			sourceTree = "<group>";
		};
		4BA44E7122B92A93009756AA /* AstroTests */ = {
			isa = PBXGroup;
			children = (
				4BA44E7222B92A93009756AA /* FormatterMethodsTests.swift */,
				4B6023E822BE95FA00732745 /* MathMethodsTests.swift */,
				4B98E89D22BEC8A10025B8F2 /* SearchBarMethodsTests.swift */,
				4B98E8A122BED04C0025B8F2 /* LabelMethodsTests.swift */,
				4BA44E7422B92A93009756AA /* Info.plist */,
			);
			path = AstroTests;
			sourceTree = "<group>";
		};
		4BB687B622664A3200D423F9 /* Cells */ = {
			isa = PBXGroup;
			children = (
				4BC55CC8225E59A90079A3E5 /* PlanetWeightCell.swift */,
				4BB687BA22664D1F00D423F9 /* PlanetTempCell.swift */,
			);
			path = Cells;
			sourceTree = "<group>";
		};
		4BB687B722664A5200D423F9 /* Cells */ = {
			isa = PBXGroup;
			children = (
				4BC55CC9225E59A90079A3E5 /* PlanetCell.xib */,
				4BB687BB22664D1F00D423F9 /* PlanetTempCell.xib */,
			);
			path = Cells;
			sourceTree = "<group>";
		};
		4BC55C9D225D330B0079A3E5 = {
			isa = PBXGroup;
			children = (
				4BC55CA8225D330B0079A3E5 /* Astro */,
				4BA44E7122B92A93009756AA /* AstroTests */,
				4BA44E6322B92A6A009756AA /* AstroUITests */,
				4BC55CA7225D330B0079A3E5 /* Products */,
				0A79765AE9C131D1C8370248 /* Pods */,
				9326997725848E964D5B9BEE /* Frameworks */,
			);
			sourceTree = "<group>";
		};
		4BC55CA7225D330B0079A3E5 /* Products */ = {
			isa = PBXGroup;
			children = (
				4BC55CA6225D330B0079A3E5 /* Astro.app */,
				4BA44E6222B92A6A009756AA /* AstroUITests.xctest */,
				4BA44E7022B92A93009756AA /* AstroTests.xctest */,
			);
			name = Products;
			sourceTree = "<group>";
		};
		4BC55CA8225D330B0079A3E5 /* Astro */ = {
			isa = PBXGroup;
			children = (
				4BC55CA9225D330B0079A3E5 /* AppDelegate.swift */,
				4B6023DC22BBBEE300732745 /* Abstractions */,
				4BC55CC2225D337B0079A3E5 /* Controllers */,
				4BC55CBE225D33430079A3E5 /* Views */,
				4BC55CC3225D337D0079A3E5 /* Models */,
				4BC55CC0225D336E0079A3E5 /* Supporting Files */,
				4BC55CB3225D330D0079A3E5 /* Assets.xcassets */,
				4BC55CB5225D330D0079A3E5 /* LaunchScreen.storyboard */,
			);
			path = Astro;
			sourceTree = "<group>";
		};
		4BC55CBE225D33430079A3E5 /* Views */ = {
			isa = PBXGroup;
			children = (
				4BC55CAD225D330B0079A3E5 /* Main.storyboard */,
				4BB687B722664A5200D423F9 /* Cells */,
			);
			path = Views;
			sourceTree = "<group>";
		};
		4BC55CC0225D336E0079A3E5 /* Supporting Files */ = {
			isa = PBXGroup;
			children = (
				4BC55CB8225D330D0079A3E5 /* Info.plist */,
				4BC55CF4225FB0210079A3E5 /* PlanetData.plist */,
			);
			path = "Supporting Files";
			sourceTree = "<group>";
		};
		4BC55CC2225D337B0079A3E5 /* Controllers */ = {
			isa = PBXGroup;
			children = (
				4BBB94F72284CE9100944506 /* MainTabController.swift */,
				4BE14DC82311A696000FA4E8 /* NasaDailyNews */,
				4BE51ADD22E67E6A002905ED /* Planet Tempurature */,
				4BE51ADE22E67E80002905ED /* Weight */,
				4BB687B622664A3200D423F9 /* Cells */,
			);
			path = Controllers;
			sourceTree = "<group>";
		};
		4BC55CC3225D337D0079A3E5 /* Models */ = {
			isa = PBXGroup;
			children = (
				4BC55CB0225D330B0079A3E5 /* Astro.xcdatamodeld */,
				4BC55CF6225FD97B0079A3E5 /* planetUploadModel.swift */,
				4BEC669322DA6DAB00513FA9 /* NDNAPIStagingModel.swift */,
			);
			path = Models;
			sourceTree = "<group>";
		};
		4BE14DC82311A696000FA4E8 /* NasaDailyNews */ = {
			isa = PBXGroup;
			children = (
				4BCDFBAD22FC7740003E39E8 /* NasaDailyNewsVC.swift */,
				4BE14DD02311E563000FA4E8 /* EntryCellManagement */,
				4BE14DC92311A8F4000FA4E8 /* Cells */,
			);
			path = NasaDailyNews;
			sourceTree = "<group>";
		};
		4BE14DC92311A8F4000FA4E8 /* Cells */ = {
			isa = PBXGroup;
			children = (
				4BE51AD522E34EB4002905ED /* NasaNewsEntryCell.swift */,
			);
			path = Cells;
			sourceTree = "<group>";
		};
		4BE14DD02311E563000FA4E8 /* EntryCellManagement */ = {
			isa = PBXGroup;
			children = (
				4BE14DCE2311E22F000FA4E8 /* EntryCellManager.swift */,
				4BE51ADB22E60EFE002905ED /* EntryCellInsertionManager.swift */,
				4BE14DCC2311B118000FA4E8 /* EntryCellConstructor.swift */,
				4BE14DCA2311AA27000FA4E8 /* ExpandExplanationManager.swift */,
				4B98E8A522C2B7020025B8F2 /* EntryImageProcessingManager.swift */,
			);
			path = EntryCellManagement;
			sourceTree = "<group>";
		};
		4BE51ADD22E67E6A002905ED /* Planet Tempurature */ = {
			isa = PBXGroup;
			children = (
				4BB687B822664C6A00D423F9 /* PlanetTemperatureTVC.swift */,
				4BB687BE2266538000D423F9 /* PlanetTemperatureVC.swift */,
			);
			path = "Planet Tempurature";
			sourceTree = "<group>";
		};
		4BE51ADE22E67E80002905ED /* Weight */ = {
			isa = PBXGroup;
			children = (
				4BB687AE226519E600D423F9 /* EnterWeightVC.swift */,
				4BC55CC4225D35450079A3E5 /* WeightDisplayTVC.swift */,
			);
			path = Weight;
			sourceTree = "<group>";
		};
		9326997725848E964D5B9BEE /* Frameworks */ = {
			isa = PBXGroup;
			children = (
				3FDA973E3FD78D118A37704B /* Pods_Astro.framework */,
			);
			name = Frameworks;
			sourceTree = "<group>";
		};
/* End PBXGroup section */

/* Begin PBXNativeTarget section */
		4BA44E6122B92A6A009756AA /* AstroUITests */ = {
			isa = PBXNativeTarget;
			buildConfigurationList = 4BA44E6922B92A6A009756AA /* Build configuration list for PBXNativeTarget "AstroUITests" */;
			buildPhases = (
				4BA44E5E22B92A6A009756AA /* Sources */,
				4BA44E5F22B92A6A009756AA /* Frameworks */,
				4BA44E6022B92A6A009756AA /* Resources */,
			);
			buildRules = (
			);
			dependencies = (
				4BA44E6822B92A6A009756AA /* PBXTargetDependency */,
			);
			name = AstroUITests;
			productName = AstroUITests;
			productReference = 4BA44E6222B92A6A009756AA /* AstroUITests.xctest */;
			productType = "com.apple.product-type.bundle.ui-testing";
		};
		4BA44E6F22B92A93009756AA /* AstroTests */ = {
			isa = PBXNativeTarget;
			buildConfigurationList = 4BA44E7722B92A93009756AA /* Build configuration list for PBXNativeTarget "AstroTests" */;
			buildPhases = (
				4BA44E6C22B92A93009756AA /* Sources */,
				4BA44E6D22B92A93009756AA /* Frameworks */,
				4BA44E6E22B92A93009756AA /* Resources */,
			);
			buildRules = (
			);
			dependencies = (
				4BA44E7622B92A93009756AA /* PBXTargetDependency */,
			);
			name = AstroTests;
			productName = AstroTests;
			productReference = 4BA44E7022B92A93009756AA /* AstroTests.xctest */;
			productType = "com.apple.product-type.bundle.unit-test";
		};
		4BC55CA5225D330B0079A3E5 /* Astro */ = {
			isa = PBXNativeTarget;
			buildConfigurationList = 4BC55CBB225D330D0079A3E5 /* Build configuration list for PBXNativeTarget "Astro" */;
			buildPhases = (
				6438600F6446399B2889FC8D /* [CP] Check Pods Manifest.lock */,
				4BC55CA2225D330B0079A3E5 /* Sources */,
				4BC55CA3225D330B0079A3E5 /* Frameworks */,
				4BC55CA4225D330B0079A3E5 /* Resources */,
				CE7CDFD91A2AD65651839003 /* [CP] Embed Pods Frameworks */,
			);
			buildRules = (
			);
			dependencies = (
			);
			name = Astro;
			productName = Astro;
			productReference = 4BC55CA6225D330B0079A3E5 /* Astro.app */;
			productType = "com.apple.product-type.application";
		};
/* End PBXNativeTarget section */

/* Begin PBXProject section */
		4BC55C9E225D330B0079A3E5 /* Project object */ = {
			isa = PBXProject;
			attributes = {
				LastSwiftUpdateCheck = 1020;
				LastUpgradeCheck = 1020;
				ORGANIZATIONNAME = "Michael Tabb";
				TargetAttributes = {
					4BA44E6122B92A6A009756AA = {
						CreatedOnToolsVersion = 10.2.1;
						TestTargetID = 4BC55CA5225D330B0079A3E5;
					};
					4BA44E6F22B92A93009756AA = {
						CreatedOnToolsVersion = 10.2.1;
						TestTargetID = 4BC55CA5225D330B0079A3E5;
					};
					4BC55CA5225D330B0079A3E5 = {
						CreatedOnToolsVersion = 10.2;
					};
				};
			};
			buildConfigurationList = 4BC55CA1225D330B0079A3E5 /* Build configuration list for PBXProject "Astro" */;
			compatibilityVersion = "Xcode 9.3";
			developmentRegion = en;
			hasScannedForEncodings = 0;
			knownRegions = (
				en,
				Base,
			);
			mainGroup = 4BC55C9D225D330B0079A3E5;
			productRefGroup = 4BC55CA7225D330B0079A3E5 /* Products */;
			projectDirPath = "";
			projectRoot = "";
			targets = (
				4BC55CA5225D330B0079A3E5 /* Astro */,
				4BA44E6F22B92A93009756AA /* AstroTests */,
				4BA44E6122B92A6A009756AA /* AstroUITests */,
			);
		};
/* End PBXProject section */

/* Begin PBXResourcesBuildPhase section */
		4BA44E6022B92A6A009756AA /* Resources */ = {
			isa = PBXResourcesBuildPhase;
			buildActionMask = 2147483647;
			files = (
			);
			runOnlyForDeploymentPostprocessing = 0;
		};
		4BA44E6E22B92A93009756AA /* Resources */ = {
			isa = PBXResourcesBuildPhase;
			buildActionMask = 2147483647;
			files = (
			);
			runOnlyForDeploymentPostprocessing = 0;
		};
		4BC55CA4225D330B0079A3E5 /* Resources */ = {
			isa = PBXResourcesBuildPhase;
			buildActionMask = 2147483647;
			files = (
				4BC55CB7225D330D0079A3E5 /* LaunchScreen.storyboard in Resources */,
				4BC55CB4225D330D0079A3E5 /* Assets.xcassets in Resources */,
				4BC55CAF225D330B0079A3E5 /* Main.storyboard in Resources */,
				4BB687BD22664D1F00D423F9 /* PlanetTempCell.xib in Resources */,
				4BC55CF5225FB0210079A3E5 /* PlanetData.plist in Resources */,
				4BC55CCB225E59A90079A3E5 /* PlanetCell.xib in Resources */,
			);
			runOnlyForDeploymentPostprocessing = 0;
		};
/* End PBXResourcesBuildPhase section */

/* Begin PBXShellScriptBuildPhase section */
		6438600F6446399B2889FC8D /* [CP] Check Pods Manifest.lock */ = {
			isa = PBXShellScriptBuildPhase;
			buildActionMask = 2147483647;
			files = (
			);
			inputFileListPaths = (
			);
			inputPaths = (
				"${PODS_PODFILE_DIR_PATH}/Podfile.lock",
				"${PODS_ROOT}/Manifest.lock",
			);
			name = "[CP] Check Pods Manifest.lock";
			outputFileListPaths = (
			);
			outputPaths = (
				"$(DERIVED_FILE_DIR)/Pods-Astro-checkManifestLockResult.txt",
			);
			runOnlyForDeploymentPostprocessing = 0;
			shellPath = /bin/sh;
			shellScript = "diff \"${PODS_PODFILE_DIR_PATH}/Podfile.lock\" \"${PODS_ROOT}/Manifest.lock\" > /dev/null\nif [ $? != 0 ] ; then\n    # print error to STDERR\n    echo \"error: The sandbox is not in sync with the Podfile.lock. Run 'pod install' or update your CocoaPods installation.\" >&2\n    exit 1\nfi\n# This output is used by Xcode 'outputs' to avoid re-running this script phase.\necho \"SUCCESS\" > \"${SCRIPT_OUTPUT_FILE_0}\"\n";
			showEnvVarsInLog = 0;
		};
		CE7CDFD91A2AD65651839003 /* [CP] Embed Pods Frameworks */ = {
			isa = PBXShellScriptBuildPhase;
			buildActionMask = 2147483647;
			files = (
			);
			inputFileListPaths = (
			);
			inputPaths = (
				"${PODS_ROOT}/Target Support Files/Pods-Astro/Pods-Astro-frameworks.sh",
				"${BUILT_PRODUCTS_DIR}/Alamofire/Alamofire.framework",
				"${BUILT_PRODUCTS_DIR}/SVProgressHUD/SVProgressHUD.framework",
				"${BUILT_PRODUCTS_DIR}/SwiftyJSON/SwiftyJSON.framework",
			);
			name = "[CP] Embed Pods Frameworks";
			outputFileListPaths = (
			);
			outputPaths = (
				"${TARGET_BUILD_DIR}/${FRAMEWORKS_FOLDER_PATH}/Alamofire.framework",
				"${TARGET_BUILD_DIR}/${FRAMEWORKS_FOLDER_PATH}/SVProgressHUD.framework",
				"${TARGET_BUILD_DIR}/${FRAMEWORKS_FOLDER_PATH}/SwiftyJSON.framework",
			);
			runOnlyForDeploymentPostprocessing = 0;
			shellPath = /bin/sh;
			shellScript = "\"${PODS_ROOT}/Target Support Files/Pods-Astro/Pods-Astro-frameworks.sh\"\n";
			showEnvVarsInLog = 0;
		};
/* End PBXShellScriptBuildPhase section */

/* Begin PBXSourcesBuildPhase section */
		4BA44E5E22B92A6A009756AA /* Sources */ = {
			isa = PBXSourcesBuildPhase;
			buildActionMask = 2147483647;
			files = (
				4BA44E6522B92A6A009756AA /* AstroUITests.swift in Sources */,
			);
			runOnlyForDeploymentPostprocessing = 0;
		};
		4BA44E6C22B92A93009756AA /* Sources */ = {
			isa = PBXSourcesBuildPhase;
			buildActionMask = 2147483647;
			files = (
				4B98E89E22BEC8A10025B8F2 /* SearchBarMethodsTests.swift in Sources */,
				4B98E8A222BED04C0025B8F2 /* LabelMethodsTests.swift in Sources */,
				4B6023E922BE95FA00732745 /* MathMethodsTests.swift in Sources */,
				4BA44E7322B92A93009756AA /* FormatterMethodsTests.swift in Sources */,
			);
			runOnlyForDeploymentPostprocessing = 0;
		};
		4BC55CA2225D330B0079A3E5 /* Sources */ = {
			isa = PBXSourcesBuildPhase;
			buildActionMask = 2147483647;
			files = (
				4BE14DCD2311B118000FA4E8 /* EntryCellConstructor.swift in Sources */,
				4BB687AF226519E600D423F9 /* EnterWeightVC.swift in Sources */,
				4BE14DCB2311AA27000FA4E8 /* ExpandExplanationManager.swift in Sources */,
				4B98E8A022BEC9D90025B8F2 /* LabelMethods.swift in Sources */,
				4BB687B922664C6A00D423F9 /* PlanetTemperatureTVC.swift in Sources */,
				4BC55CB2225D330B0079A3E5 /* Astro.xcdatamodeld in Sources */,
				4BE51AD722E34EB4002905ED /* NasaNewsEntryCell.swift in Sources */,
				4B79B41B22AD5C0200D6711C /* PlanetDataHandler.swift in Sources */,
				4BCDFBAE22FC7740003E39E8 /* NasaDailyNewsVC.swift in Sources */,
				4B1A9AEF22F723F000B88975 /* InternetConnection.swift in Sources */,
				4BCA1CEC22B6B6AB00118A1E /* KeyboardMethods.swift in Sources */,
				4BC55CC5225D35450079A3E5 /* WeightDisplayTVC.swift in Sources */,
				4BEC669422DA6DAB00513FA9 /* NDNAPIStagingModel.swift in Sources */,
				4BCA1CEE22B6BD9D00118A1E /* FormatterMethods.swift in Sources */,
				4B6023E222BE7C6800732745 /* SearchBarMethods.swift in Sources */,
				4B98E8A622C2B7020025B8F2 /* EntryImageProcessingManager.swift in Sources */,
				4BBB94F82284CE9100944506 /* MainTabController.swift in Sources */,
				4BC55CAA225D330B0079A3E5 /* AppDelegate.swift in Sources */,
				4B6023E022BE76F200732745 /* PersistentData.swift in Sources */,
				4BC55CF7225FD97B0079A3E5 /* planetUploadModel.swift in Sources */,
				4BB687BF2266538000D423F9 /* PlanetTemperatureVC.swift in Sources */,
				4BE51ADC22E60EFE002905ED /* EntryCellInsertionManager.swift in Sources */,
				4B98E8A422C2B63E0025B8F2 /* UIConstraints.swift in Sources */,
				4B6023E422BE7CB900732745 /* NavigationMethods.swift in Sources */,
				4B6023E722BE90A600732745 /* MathMethods.swift in Sources */,
				4BB687BC22664D1F00D423F9 /* PlanetTempCell.swift in Sources */,
				4BCDFC0C22FF18F4003E39E8 /* BSColors.swift in Sources */,
				4BCA1CEA22B6AA0900118A1E /* NDNAPI.swift in Sources */,
				4BC55CCA225E59A90079A3E5 /* PlanetWeightCell.swift in Sources */,
				4BCA1CE822B69EA100118A1E /* LoadingAnimation.swift in Sources */,
				4BE14DCF2311E22F000FA4E8 /* EntryCellManager.swift in Sources */,
				4B6023DE22BBBFFF00732745 /* PreloadPlanetData.swift in Sources */,
			);
			runOnlyForDeploymentPostprocessing = 0;
		};
/* End PBXSourcesBuildPhase section */

/* Begin PBXTargetDependency section */
		4BA44E6822B92A6A009756AA /* PBXTargetDependency */ = {
			isa = PBXTargetDependency;
			target = 4BC55CA5225D330B0079A3E5 /* Astro */;
			targetProxy = 4BA44E6722B92A6A009756AA /* PBXContainerItemProxy */;
		};
		4BA44E7622B92A93009756AA /* PBXTargetDependency */ = {
			isa = PBXTargetDependency;
			target = 4BC55CA5225D330B0079A3E5 /* Astro */;
			targetProxy = 4BA44E7522B92A93009756AA /* PBXContainerItemProxy */;
		};
/* End PBXTargetDependency section */

/* Begin PBXVariantGroup section */
		4BC55CAD225D330B0079A3E5 /* Main.storyboard */ = {
			isa = PBXVariantGroup;
			children = (
				4BC55CAE225D330B0079A3E5 /* Base */,
			);
			name = Main.storyboard;
			sourceTree = "<group>";
		};
		4BC55CB5225D330D0079A3E5 /* LaunchScreen.storyboard */ = {
			isa = PBXVariantGroup;
			children = (
				4BC55CB6225D330D0079A3E5 /* Base */,
			);
			name = LaunchScreen.storyboard;
			sourceTree = "<group>";
		};
/* End PBXVariantGroup section */

/* Begin XCBuildConfiguration section */
		4BA44E6A22B92A6A009756AA /* Debug */ = {
			isa = XCBuildConfiguration;
			buildSettings = {
				CODE_SIGN_STYLE = Automatic;
				DEVELOPMENT_TEAM = ASA7Y46W6W;
				INFOPLIST_FILE = AstroUITests/Info.plist;
				LD_RUNPATH_SEARCH_PATHS = (
					"$(inherited)",
					"@executable_path/Frameworks",
					"@loader_path/Frameworks",
				);
				PRODUCT_BUNDLE_IDENTIFIER = "com.michael-tabb.AstroUITests";
				PRODUCT_NAME = "$(TARGET_NAME)";
				SWIFT_VERSION = 5.0;
				TARGETED_DEVICE_FAMILY = "1,2";
				TEST_TARGET_NAME = Astro;
			};
			name = Debug;
		};
		4BA44E6B22B92A6A009756AA /* Release */ = {
			isa = XCBuildConfiguration;
			buildSettings = {
				CODE_SIGN_STYLE = Automatic;
				DEVELOPMENT_TEAM = ASA7Y46W6W;
				INFOPLIST_FILE = AstroUITests/Info.plist;
				LD_RUNPATH_SEARCH_PATHS = (
					"$(inherited)",
					"@executable_path/Frameworks",
					"@loader_path/Frameworks",
				);
				PRODUCT_BUNDLE_IDENTIFIER = "com.michael-tabb.AstroUITests";
				PRODUCT_NAME = "$(TARGET_NAME)";
				SWIFT_VERSION = 5.0;
				TARGETED_DEVICE_FAMILY = "1,2";
				TEST_TARGET_NAME = Astro;
			};
			name = Release;
		};
		4BA44E7822B92A93009756AA /* Debug */ = {
			isa = XCBuildConfiguration;
			buildSettings = {
				BUNDLE_LOADER = "$(TEST_HOST)";
				CODE_SIGN_STYLE = Automatic;
				DEVELOPMENT_TEAM = ASA7Y46W6W;
				INFOPLIST_FILE = AstroTests/Info.plist;
				LD_RUNPATH_SEARCH_PATHS = (
					"$(inherited)",
					"@executable_path/Frameworks",
					"@loader_path/Frameworks",
				);
				PRODUCT_BUNDLE_IDENTIFIER = "com.michael-tabb.AstroTests";
				PRODUCT_NAME = "$(TARGET_NAME)";
				SWIFT_VERSION = 5.0;
				TARGETED_DEVICE_FAMILY = "1,2";
				TEST_HOST = "$(BUILT_PRODUCTS_DIR)/Astro.app/Astro";
			};
			name = Debug;
		};
		4BA44E7922B92A93009756AA /* Release */ = {
			isa = XCBuildConfiguration;
			buildSettings = {
				BUNDLE_LOADER = "$(TEST_HOST)";
				CODE_SIGN_STYLE = Automatic;
				DEVELOPMENT_TEAM = ASA7Y46W6W;
				INFOPLIST_FILE = AstroTests/Info.plist;
				LD_RUNPATH_SEARCH_PATHS = (
					"$(inherited)",
					"@executable_path/Frameworks",
					"@loader_path/Frameworks",
				);
				PRODUCT_BUNDLE_IDENTIFIER = "com.michael-tabb.AstroTests";
				PRODUCT_NAME = "$(TARGET_NAME)";
				SWIFT_VERSION = 5.0;
				TARGETED_DEVICE_FAMILY = "1,2";
				TEST_HOST = "$(BUILT_PRODUCTS_DIR)/Astro.app/Astro";
			};
			name = Release;
		};
		4BC55CB9225D330D0079A3E5 /* Debug */ = {
			isa = XCBuildConfiguration;
			buildSettings = {
				ALWAYS_SEARCH_USER_PATHS = NO;
				CLANG_ANALYZER_NONNULL = YES;
				CLANG_ANALYZER_NUMBER_OBJECT_CONVERSION = YES_AGGRESSIVE;
				CLANG_CXX_LANGUAGE_STANDARD = "gnu++14";
				CLANG_CXX_LIBRARY = "libc++";
				CLANG_ENABLE_MODULES = YES;
				CLANG_ENABLE_OBJC_ARC = YES;
				CLANG_ENABLE_OBJC_WEAK = YES;
				CLANG_WARN_BLOCK_CAPTURE_AUTORELEASING = YES;
				CLANG_WARN_BOOL_CONVERSION = YES;
				CLANG_WARN_COMMA = YES;
				CLANG_WARN_CONSTANT_CONVERSION = YES;
				CLANG_WARN_DEPRECATED_OBJC_IMPLEMENTATIONS = YES;
				CLANG_WARN_DIRECT_OBJC_ISA_USAGE = YES_ERROR;
				CLANG_WARN_DOCUMENTATION_COMMENTS = YES;
				CLANG_WARN_EMPTY_BODY = YES;
				CLANG_WARN_ENUM_CONVERSION = YES;
				CLANG_WARN_INFINITE_RECURSION = YES;
				CLANG_WARN_INT_CONVERSION = YES;
				CLANG_WARN_NON_LITERAL_NULL_CONVERSION = YES;
				CLANG_WARN_OBJC_IMPLICIT_RETAIN_SELF = YES;
				CLANG_WARN_OBJC_LITERAL_CONVERSION = YES;
				CLANG_WARN_OBJC_ROOT_CLASS = YES_ERROR;
				CLANG_WARN_RANGE_LOOP_ANALYSIS = YES;
				CLANG_WARN_STRICT_PROTOTYPES = YES;
				CLANG_WARN_SUSPICIOUS_MOVE = YES;
				CLANG_WARN_UNGUARDED_AVAILABILITY = YES_AGGRESSIVE;
				CLANG_WARN_UNREACHABLE_CODE = YES;
				CLANG_WARN__DUPLICATE_METHOD_MATCH = YES;
				CODE_SIGN_IDENTITY = "iPhone Developer";
				COPY_PHASE_STRIP = NO;
				DEBUG_INFORMATION_FORMAT = dwarf;
				ENABLE_STRICT_OBJC_MSGSEND = YES;
				ENABLE_TESTABILITY = YES;
				GCC_C_LANGUAGE_STANDARD = gnu11;
				GCC_DYNAMIC_NO_PIC = NO;
				GCC_NO_COMMON_BLOCKS = YES;
				GCC_OPTIMIZATION_LEVEL = 0;
				GCC_PREPROCESSOR_DEFINITIONS = (
					"DEBUG=1",
					"$(inherited)",
				);
				GCC_WARN_64_TO_32_BIT_CONVERSION = YES;
				GCC_WARN_ABOUT_RETURN_TYPE = YES_ERROR;
				GCC_WARN_UNDECLARED_SELECTOR = YES;
				GCC_WARN_UNINITIALIZED_AUTOS = YES_AGGRESSIVE;
				GCC_WARN_UNUSED_FUNCTION = YES;
				GCC_WARN_UNUSED_VARIABLE = YES;
				IPHONEOS_DEPLOYMENT_TARGET = 12.2;
				MTL_ENABLE_DEBUG_INFO = INCLUDE_SOURCE;
				MTL_FAST_MATH = YES;
				ONLY_ACTIVE_ARCH = YES;
				SDKROOT = iphoneos;
				SWIFT_ACTIVE_COMPILATION_CONDITIONS = DEBUG;
				SWIFT_OPTIMIZATION_LEVEL = "-Onone";
			};
			name = Debug;
		};
		4BC55CBA225D330D0079A3E5 /* Release */ = {
			isa = XCBuildConfiguration;
			buildSettings = {
				ALWAYS_SEARCH_USER_PATHS = NO;
				CLANG_ANALYZER_NONNULL = YES;
				CLANG_ANALYZER_NUMBER_OBJECT_CONVERSION = YES_AGGRESSIVE;
				CLANG_CXX_LANGUAGE_STANDARD = "gnu++14";
				CLANG_CXX_LIBRARY = "libc++";
				CLANG_ENABLE_MODULES = YES;
				CLANG_ENABLE_OBJC_ARC = YES;
				CLANG_ENABLE_OBJC_WEAK = YES;
				CLANG_WARN_BLOCK_CAPTURE_AUTORELEASING = YES;
				CLANG_WARN_BOOL_CONVERSION = YES;
				CLANG_WARN_COMMA = YES;
				CLANG_WARN_CONSTANT_CONVERSION = YES;
				CLANG_WARN_DEPRECATED_OBJC_IMPLEMENTATIONS = YES;
				CLANG_WARN_DIRECT_OBJC_ISA_USAGE = YES_ERROR;
				CLANG_WARN_DOCUMENTATION_COMMENTS = YES;
				CLANG_WARN_EMPTY_BODY = YES;
				CLANG_WARN_ENUM_CONVERSION = YES;
				CLANG_WARN_INFINITE_RECURSION = YES;
				CLANG_WARN_INT_CONVERSION = YES;
				CLANG_WARN_NON_LITERAL_NULL_CONVERSION = YES;
				CLANG_WARN_OBJC_IMPLICIT_RETAIN_SELF = YES;
				CLANG_WARN_OBJC_LITERAL_CONVERSION = YES;
				CLANG_WARN_OBJC_ROOT_CLASS = YES_ERROR;
				CLANG_WARN_RANGE_LOOP_ANALYSIS = YES;
				CLANG_WARN_STRICT_PROTOTYPES = YES;
				CLANG_WARN_SUSPICIOUS_MOVE = YES;
				CLANG_WARN_UNGUARDED_AVAILABILITY = YES_AGGRESSIVE;
				CLANG_WARN_UNREACHABLE_CODE = YES;
				CLANG_WARN__DUPLICATE_METHOD_MATCH = YES;
				CODE_SIGN_IDENTITY = "iPhone Developer";
				COPY_PHASE_STRIP = NO;
				DEBUG_INFORMATION_FORMAT = "dwarf-with-dsym";
				ENABLE_NS_ASSERTIONS = NO;
				ENABLE_STRICT_OBJC_MSGSEND = YES;
				GCC_C_LANGUAGE_STANDARD = gnu11;
				GCC_NO_COMMON_BLOCKS = YES;
				GCC_WARN_64_TO_32_BIT_CONVERSION = YES;
				GCC_WARN_ABOUT_RETURN_TYPE = YES_ERROR;
				GCC_WARN_UNDECLARED_SELECTOR = YES;
				GCC_WARN_UNINITIALIZED_AUTOS = YES_AGGRESSIVE;
				GCC_WARN_UNUSED_FUNCTION = YES;
				GCC_WARN_UNUSED_VARIABLE = YES;
				IPHONEOS_DEPLOYMENT_TARGET = 12.2;
				MTL_ENABLE_DEBUG_INFO = NO;
				MTL_FAST_MATH = YES;
				SDKROOT = iphoneos;
				SWIFT_COMPILATION_MODE = wholemodule;
				SWIFT_OPTIMIZATION_LEVEL = "-O";
				VALIDATE_PRODUCT = YES;
			};
			name = Release;
		};
		4BC55CBC225D330D0079A3E5 /* Debug */ = {
			isa = XCBuildConfiguration;
			baseConfigurationReference = 201695E2626193813C0D7112 /* Pods-Astro.debug.xcconfig */;
			buildSettings = {
				ASSETCATALOG_COMPILER_APPICON_NAME = AppIcon;
				CODE_SIGN_STYLE = Automatic;
				DEVELOPMENT_TEAM = ASA7Y46W6W;
				INFOPLIST_FILE = "$(SRCROOT)/Astro/Supporting Files/Info.plist";
				LD_RUNPATH_SEARCH_PATHS = (
					"$(inherited)",
					"@executable_path/Frameworks",
				);
				PRODUCT_BUNDLE_IDENTIFIER = "com.michael-tabb.Astro";
				PRODUCT_NAME = "$(TARGET_NAME)";
				SWIFT_VERSION = 5.0;
				TARGETED_DEVICE_FAMILY = "1,2";
			};
			name = Debug;
		};
		4BC55CBD225D330D0079A3E5 /* Release */ = {
			isa = XCBuildConfiguration;
			baseConfigurationReference = C21986F0FE38CFB8E9C2EA5C /* Pods-Astro.release.xcconfig */;
			buildSettings = {
				ASSETCATALOG_COMPILER_APPICON_NAME = AppIcon;
				CODE_SIGN_STYLE = Automatic;
				DEVELOPMENT_TEAM = ASA7Y46W6W;
				INFOPLIST_FILE = "$(SRCROOT)/Astro/Supporting Files/Info.plist";
				LD_RUNPATH_SEARCH_PATHS = (
					"$(inherited)",
					"@executable_path/Frameworks",
				);
				PRODUCT_BUNDLE_IDENTIFIER = "com.michael-tabb.Astro";
				PRODUCT_NAME = "$(TARGET_NAME)";
				SWIFT_VERSION = 5.0;
				TARGETED_DEVICE_FAMILY = "1,2";
			};
			name = Release;
		};
/* End XCBuildConfiguration section */

/* Begin XCConfigurationList section */
		4BA44E6922B92A6A009756AA /* Build configuration list for PBXNativeTarget "AstroUITests" */ = {
			isa = XCConfigurationList;
			buildConfigurations = (
				4BA44E6A22B92A6A009756AA /* Debug */,
				4BA44E6B22B92A6A009756AA /* Release */,
			);
			defaultConfigurationIsVisible = 0;
			defaultConfigurationName = Release;
		};
		4BA44E7722B92A93009756AA /* Build configuration list for PBXNativeTarget "AstroTests" */ = {
			isa = XCConfigurationList;
			buildConfigurations = (
				4BA44E7822B92A93009756AA /* Debug */,
				4BA44E7922B92A93009756AA /* Release */,
			);
			defaultConfigurationIsVisible = 0;
			defaultConfigurationName = Release;
		};
		4BC55CA1225D330B0079A3E5 /* Build configuration list for PBXProject "Astro" */ = {
			isa = XCConfigurationList;
			buildConfigurations = (
				4BC55CB9225D330D0079A3E5 /* Debug */,
				4BC55CBA225D330D0079A3E5 /* Release */,
			);
			defaultConfigurationIsVisible = 0;
			defaultConfigurationName = Release;
		};
		4BC55CBB225D330D0079A3E5 /* Build configuration list for PBXNativeTarget "Astro" */ = {
			isa = XCConfigurationList;
			buildConfigurations = (
				4BC55CBC225D330D0079A3E5 /* Debug */,
				4BC55CBD225D330D0079A3E5 /* Release */,
			);
			defaultConfigurationIsVisible = 0;
			defaultConfigurationName = Release;
		};
/* End XCConfigurationList section */

/* Begin XCVersionGroup section */
		4BC55CB0225D330B0079A3E5 /* Astro.xcdatamodeld */ = {
			isa = XCVersionGroup;
			children = (
				4BC55CB1225D330B0079A3E5 /* Astro.xcdatamodel */,
			);
			currentVersion = 4BC55CB1225D330B0079A3E5 /* Astro.xcdatamodel */;
			path = Astro.xcdatamodeld;
			sourceTree = "<group>";
			versionGroupType = wrapper.xcdatamodel;
		};
/* End XCVersionGroup section */
	};
	rootObject = 4BC55C9E225D330B0079A3E5 /* Project object */;
}
